// !$*UTF8*$!
{
	archiveVersion = 1;
	classes = {
	};
	objectVersion = 46;
	objects = {

/* Begin PBXBuildFile section */
		153C1E541C03F16200F87014 /* MDHomeViewController.m in Sources */ = {isa = PBXBuildFile; fileRef = 153C1E531C03F16200F87014 /* MDHomeViewController.m */; };
		153C1E571C03F20200F87014 /* MDServiceViewController.m in Sources */ = {isa = PBXBuildFile; fileRef = 153C1E561C03F20200F87014 /* MDServiceViewController.m */; };
		153C1E5A1C03F22D00F87014 /* MDMyViewController.m in Sources */ = {isa = PBXBuildFile; fileRef = 153C1E591C03F22D00F87014 /* MDMyViewController.m */; };
		153C1E631C03F4ED00F87014 /* home@2x.png in Resources */ = {isa = PBXBuildFile; fileRef = 153C1E601C03F4ED00F87014 /* home@2x.png */; };
		153C1E641C03F4ED00F87014 /* my@2x.png in Resources */ = {isa = PBXBuildFile; fileRef = 153C1E611C03F4ED00F87014 /* my@2x.png */; };
		153C1E651C03F4ED00F87014 /* service@2x.png in Resources */ = {isa = PBXBuildFile; fileRef = 153C1E621C03F4ED00F87014 /* service@2x.png */; };
		15AE536F1C02F0680013FF1B /* main.m in Sources */ = {isa = PBXBuildFile; fileRef = 15AE536E1C02F0680013FF1B /* main.m */; };
		15AE53721C02F0680013FF1B /* AppDelegate.m in Sources */ = {isa = PBXBuildFile; fileRef = 15AE53711C02F0680013FF1B /* AppDelegate.m */; };
		15AE53751C02F0680013FF1B /* MDBaseViewController.m in Sources */ = {isa = PBXBuildFile; fileRef = 15AE53741C02F0680013FF1B /* MDBaseViewController.m */; };
		15AE53781C02F0680013FF1B /* Main.storyboard in Resources */ = {isa = PBXBuildFile; fileRef = 15AE53761C02F0680013FF1B /* Main.storyboard */; };
		15AE537A1C02F0680013FF1B /* Images.xcassets in Resources */ = {isa = PBXBuildFile; fileRef = 15AE53791C02F0680013FF1B /* Images.xcassets */; };
		15AE537D1C02F0680013FF1B /* LaunchScreen.xib in Resources */ = {isa = PBXBuildFile; fileRef = 15AE537B1C02F0680013FF1B /* LaunchScreen.xib */; };
		15AE53891C02F0680013FF1B /* MyDoctorTests.m in Sources */ = {isa = PBXBuildFile; fileRef = 15AE53881C02F0680013FF1B /* MyDoctorTests.m */; };
/* End PBXBuildFile section */

/* Begin PBXContainerItemProxy section */
		15AE53831C02F0680013FF1B /* PBXContainerItemProxy */ = {
			isa = PBXContainerItemProxy;
			containerPortal = 15AE53611C02F0680013FF1B /* Project object */;
			proxyType = 1;
			remoteGlobalIDString = 15AE53681C02F0680013FF1B;
			remoteInfo = MyDoctor;
		};
/* End PBXContainerItemProxy section */

/* Begin PBXFileReference section */
		153C1E521C03F16200F87014 /* MDHomeViewController.h */ = {isa = PBXFileReference; fileEncoding = 4; lastKnownFileType = sourcecode.c.h; name = MDHomeViewController.h; path = Home/MDHomeViewController.h; sourceTree = "<group>"; };
		153C1E531C03F16200F87014 /* MDHomeViewController.m */ = {isa = PBXFileReference; fileEncoding = 4; lastKnownFileType = sourcecode.c.objc; name = MDHomeViewController.m; path = Home/MDHomeViewController.m; sourceTree = "<group>"; };
		153C1E551C03F20200F87014 /* MDServiceViewController.h */ = {isa = PBXFileReference; fileEncoding = 4; lastKnownFileType = sourcecode.c.h; name = MDServiceViewController.h; path = Service/MDServiceViewController.h; sourceTree = "<group>"; };
		153C1E561C03F20200F87014 /* MDServiceViewController.m */ = {isa = PBXFileReference; fileEncoding = 4; lastKnownFileType = sourcecode.c.objc; name = MDServiceViewController.m; path = Service/MDServiceViewController.m; sourceTree = "<group>"; };
		153C1E581C03F22D00F87014 /* MDMyViewController.h */ = {isa = PBXFileReference; fileEncoding = 4; lastKnownFileType = sourcecode.c.h; name = MDMyViewController.h; path = MyView/MDMyViewController.h; sourceTree = "<group>"; };
		153C1E591C03F22D00F87014 /* MDMyViewController.m */ = {isa = PBXFileReference; fileEncoding = 4; lastKnownFileType = sourcecode.c.objc; name = MDMyViewController.m; path = MyView/MDMyViewController.m; sourceTree = "<group>"; };
		153C1E601C03F4ED00F87014 /* home@2x.png */ = {isa = PBXFileReference; lastKnownFileType = image.png; path = "home@2x.png"; sourceTree = "<group>"; };
		153C1E611C03F4ED00F87014 /* my@2x.png */ = {isa = PBXFileReference; lastKnownFileType = image.png; path = "my@2x.png"; sourceTree = "<group>"; };
		153C1E621C03F4ED00F87014 /* service@2x.png */ = {isa = PBXFileReference; lastKnownFileType = image.png; path = "service@2x.png"; sourceTree = "<group>"; };
		15AE53691C02F0680013FF1B /* MyDoctor.app */ = {isa = PBXFileReference; explicitFileType = wrapper.application; includeInIndex = 0; path = MyDoctor.app; sourceTree = BUILT_PRODUCTS_DIR; };
		15AE536D1C02F0680013FF1B /* Info.plist */ = {isa = PBXFileReference; lastKnownFileType = text.plist.xml; path = Info.plist; sourceTree = "<group>"; };
		15AE536E1C02F0680013FF1B /* main.m */ = {isa = PBXFileReference; lastKnownFileType = sourcecode.c.objc; path = main.m; sourceTree = "<group>"; };
		15AE53701C02F0680013FF1B /* AppDelegate.h */ = {isa = PBXFileReference; lastKnownFileType = sourcecode.c.h; path = AppDelegate.h; sourceTree = "<group>"; };
		15AE53711C02F0680013FF1B /* AppDelegate.m */ = {isa = PBXFileReference; lastKnownFileType = sourcecode.c.objc; path = AppDelegate.m; sourceTree = "<group>"; };
		15AE53731C02F0680013FF1B /* MDBaseViewController.h */ = {isa = PBXFileReference; lastKnownFileType = sourcecode.c.h; path = MDBaseViewController.h; sourceTree = "<group>"; };
		15AE53741C02F0680013FF1B /* MDBaseViewController.m */ = {isa = PBXFileReference; lastKnownFileType = sourcecode.c.objc; path = MDBaseViewController.m; sourceTree = "<group>"; };
		15AE53771C02F0680013FF1B /* Base */ = {isa = PBXFileReference; lastKnownFileType = file.storyboard; name = Base; path = Base.lproj/Main.storyboard; sourceTree = "<group>"; };
		15AE53791C02F0680013FF1B /* Images.xcassets */ = {isa = PBXFileReference; lastKnownFileType = folder.assetcatalog; path = Images.xcassets; sourceTree = "<group>"; };
		15AE537C1C02F0680013FF1B /* Base */ = {isa = PBXFileReference; lastKnownFileType = file.xib; name = Base; path = Base.lproj/LaunchScreen.xib; sourceTree = "<group>"; };
		15AE53821C02F0680013FF1B /* MyDoctorTests.xctest */ = {isa = PBXFileReference; explicitFileType = wrapper.cfbundle; includeInIndex = 0; path = MyDoctorTests.xctest; sourceTree = BUILT_PRODUCTS_DIR; };
		15AE53871C02F0680013FF1B /* Info.plist */ = {isa = PBXFileReference; lastKnownFileType = text.plist.xml; path = Info.plist; sourceTree = "<group>"; };
		15AE53881C02F0680013FF1B /* MyDoctorTests.m */ = {isa = PBXFileReference; lastKnownFileType = sourcecode.c.objc; path = MyDoctorTests.m; sourceTree = "<group>"; };
/* End PBXFileReference section */

/* Begin PBXFrameworksBuildPhase section */
		15AE53661C02F0680013FF1B /* Frameworks */ = {
			isa = PBXFrameworksBuildPhase;
			buildActionMask = 2147483647;
			files = (
			);
			runOnlyForDeploymentPostprocessing = 0;
		};
		15AE537F1C02F0680013FF1B /* Frameworks */ = {
			isa = PBXFrameworksBuildPhase;
			buildActionMask = 2147483647;
			files = (
			);
			runOnlyForDeploymentPostprocessing = 0;
		};
/* End PBXFrameworksBuildPhase section */

/* Begin PBXGroup section */
		153C1E5F1C03F4ED00F87014 /* image */ = {
			isa = PBXGroup;
			children = (
				153C1E601C03F4ED00F87014 /* home@2x.png */,
				153C1E611C03F4ED00F87014 /* my@2x.png */,
				153C1E621C03F4ED00F87014 /* service@2x.png */,
			);
			path = image;
			sourceTree = "<group>";
		};
		15AE53601C02F0680013FF1B = {
			isa = PBXGroup;
			children = (
				15AE536B1C02F0680013FF1B /* MyDoctor */,
				15AE53851C02F0680013FF1B /* MyDoctorTests */,
				15AE536A1C02F0680013FF1B /* Products */,
			);
			sourceTree = "<group>";
		};
		15AE536A1C02F0680013FF1B /* Products */ = {
			isa = PBXGroup;
			children = (
				15AE53691C02F0680013FF1B /* MyDoctor.app */,
				15AE53821C02F0680013FF1B /* MyDoctorTests.xctest */,
			);
			name = Products;
			sourceTree = "<group>";
		};
		15AE536B1C02F0680013FF1B /* MyDoctor */ = {
			isa = PBXGroup;
			children = (
				15AE53971C03EEE50013FF1B /* MyView */,
				15AE53961C03EEE20013FF1B /* Service */,
				15AE53951C03EEDD0013FF1B /* Home */,
				15AE53701C02F0680013FF1B /* AppDelegate.h */,
				15AE53711C02F0680013FF1B /* AppDelegate.m */,
				15AE53731C02F0680013FF1B /* MDBaseViewController.h */,
				15AE53741C02F0680013FF1B /* MDBaseViewController.m */,
				153C1E5F1C03F4ED00F87014 /* image */,
				15AE53761C02F0680013FF1B /* Main.storyboard */,
				15AE53791C02F0680013FF1B /* Images.xcassets */,
				15AE537B1C02F0680013FF1B /* LaunchScreen.xib */,
				15AE536C1C02F0680013FF1B /* Supporting Files */,
			);
			path = MyDoctor;
			sourceTree = "<group>";
		};
		15AE536C1C02F0680013FF1B /* Supporting Files */ = {
			isa = PBXGroup;
			children = (
				15AE536D1C02F0680013FF1B /* Info.plist */,
				15AE536E1C02F0680013FF1B /* main.m */,
			);
			name = "Supporting Files";
			sourceTree = "<group>";
		};
		15AE53851C02F0680013FF1B /* MyDoctorTests */ = {
			isa = PBXGroup;
			children = (
				15AE53881C02F0680013FF1B /* MyDoctorTests.m */,
				15AE53861C02F0680013FF1B /* Supporting Files */,
			);
			path = MyDoctorTests;
			sourceTree = "<group>";
		};
		15AE53861C02F0680013FF1B /* Supporting Files */ = {
			isa = PBXGroup;
			children = (
				15AE53871C02F0680013FF1B /* Info.plist */,
			);
			name = "Supporting Files";
			sourceTree = "<group>";
		};
		15AE53951C03EEDD0013FF1B /* Home */ = {
			isa = PBXGroup;
			children = (
				153C1E521C03F16200F87014 /* MDHomeViewController.h */,
				153C1E531C03F16200F87014 /* MDHomeViewController.m */,
			);
			name = Home;
			sourceTree = "<group>";
		};
		15AE53961C03EEE20013FF1B /* Service */ = {
			isa = PBXGroup;
			children = (
				153C1E551C03F20200F87014 /* MDServiceViewController.h */,
				153C1E561C03F20200F87014 /* MDServiceViewController.m */,
			);
			name = Service;
			sourceTree = "<group>";
		};
		15AE53971C03EEE50013FF1B /* MyView */ = {
			isa = PBXGroup;
			children = (
				153C1E581C03F22D00F87014 /* MDMyViewController.h */,
				153C1E591C03F22D00F87014 /* MDMyViewController.m */,
			);
			name = MyView;
			sourceTree = "<group>";
		};
/* End PBXGroup section */

/* Begin PBXNativeTarget section */
		15AE53681C02F0680013FF1B /* MyDoctor */ = {
			isa = PBXNativeTarget;
			buildConfigurationList = 15AE538C1C02F0690013FF1B /* Build configuration list for PBXNativeTarget "MyDoctor" */;
			buildPhases = (
				15AE53651C02F0680013FF1B /* Sources */,
				15AE53661C02F0680013FF1B /* Frameworks */,
				15AE53671C02F0680013FF1B /* Resources */,
			);
			buildRules = (
			);
			dependencies = (
			);
			name = MyDoctor;
			productName = MyDoctor;
			productReference = 15AE53691C02F0680013FF1B /* MyDoctor.app */;
			productType = "com.apple.product-type.application";
		};
		15AE53811C02F0680013FF1B /* MyDoctorTests */ = {
			isa = PBXNativeTarget;
			buildConfigurationList = 15AE538F1C02F0690013FF1B /* Build configuration list for PBXNativeTarget "MyDoctorTests" */;
			buildPhases = (
				15AE537E1C02F0680013FF1B /* Sources */,
				15AE537F1C02F0680013FF1B /* Frameworks */,
				15AE53801C02F0680013FF1B /* Resources */,
			);
			buildRules = (
			);
			dependencies = (
				15AE53841C02F0680013FF1B /* PBXTargetDependency */,
			);
			name = MyDoctorTests;
			productName = MyDoctorTests;
			productReference = 15AE53821C02F0680013FF1B /* MyDoctorTests.xctest */;
			productType = "com.apple.product-type.bundle.unit-test";
		};
/* End PBXNativeTarget section */

/* Begin PBXProject section */
		15AE53611C02F0680013FF1B /* Project object */ = {
			isa = PBXProject;
			attributes = {
				LastUpgradeCheck = 0630;
				ORGANIZATIONNAME = com.mingxing;
				TargetAttributes = {
					15AE53681C02F0680013FF1B = {
						CreatedOnToolsVersion = 6.3;
					};
					15AE53811C02F0680013FF1B = {
						CreatedOnToolsVersion = 6.3;
						TestTargetID = 15AE53681C02F0680013FF1B;
					};
				};
			};
			buildConfigurationList = 15AE53641C02F0680013FF1B /* Build configuration list for PBXProject "MyDoctor" */;
			compatibilityVersion = "Xcode 3.2";
			developmentRegion = English;
			hasScannedForEncodings = 0;
			knownRegions = (
				en,
				Base,
			);
			mainGroup = 15AE53601C02F0680013FF1B;
			productRefGroup = 15AE536A1C02F0680013FF1B /* Products */;
			projectDirPath = "";
			projectRoot = "";
			targets = (
				15AE53681C02F0680013FF1B /* MyDoctor */,
				15AE53811C02F0680013FF1B /* MyDoctorTests */,
			);
		};
/* End PBXProject section */

/* Begin PBXResourcesBuildPhase section */
		15AE53671C02F0680013FF1B /* Resources */ = {
			isa = PBXResourcesBuildPhase;
			buildActionMask = 2147483647;
			files = (
				153C1E651C03F4ED00F87014 /* service@2x.png in Resources */,
				15AE53781C02F0680013FF1B /* Main.storyboard in Resources */,
				153C1E631C03F4ED00F87014 /* home@2x.png in Resources */,
				15AE537D1C02F0680013FF1B /* LaunchScreen.xib in Resources */,
				153C1E641C03F4ED00F87014 /* my@2x.png in Resources */,
				15AE537A1C02F0680013FF1B /* Images.xcassets in Resources */,
			);
			runOnlyForDeploymentPostprocessing = 0;
		};
		15AE53801C02F0680013FF1B /* Resources */ = {
			isa = PBXResourcesBuildPhase;
			buildActionMask = 2147483647;
			files = (
			);
			runOnlyForDeploymentPostprocessing = 0;
		};
/* End PBXResourcesBuildPhase section */

/* Begin PBXSourcesBuildPhase section */
		15AE53651C02F0680013FF1B /* Sources */ = {
			isa = PBXSourcesBuildPhase;
			buildActionMask = 2147483647;
			files = (
				15AE53751C02F0680013FF1B /* MDBaseViewController.m in Sources */,
				15AE53721C02F0680013FF1B /* AppDelegate.m in Sources */,
				153C1E541C03F16200F87014 /* MDHomeViewController.m in Sources */,
				153C1E5A1C03F22D00F87014 /* MDMyViewController.m in Sources */,
				153C1E571C03F20200F87014 /* MDServiceViewController.m in Sources */,
				15AE536F1C02F0680013FF1B /* main.m in Sources */,
			);
			runOnlyForDeploymentPostprocessing = 0;
		};
		15AE537E1C02F0680013FF1B /* Sources */ = {
			isa = PBXSourcesBuildPhase;
			buildActionMask = 2147483647;
			files = (
				15AE53891C02F0680013FF1B /* MyDoctorTests.m in Sources */,
			);
			runOnlyForDeploymentPostprocessing = 0;
		};
/* End PBXSourcesBuildPhase section */

/* Begin PBXTargetDependency section */
		15AE53841C02F0680013FF1B /* PBXTargetDependency */ = {
			isa = PBXTargetDependency;
			target = 15AE53681C02F0680013FF1B /* MyDoctor */;
			targetProxy = 15AE53831C02F0680013FF1B /* PBXContainerItemProxy */;
		};
/* End PBXTargetDependency section */

/* Begin PBXVariantGroup section */
		15AE53761C02F0680013FF1B /* Main.storyboard */ = {
			isa = PBXVariantGroup;
			children = (
				15AE53771C02F0680013FF1B /* Base */,
			);
			name = Main.storyboard;
			sourceTree = "<group>";
		};
		15AE537B1C02F0680013FF1B /* LaunchScreen.xib */ = {
			isa = PBXVariantGroup;
			children = (
				15AE537C1C02F0680013FF1B /* Base */,
			);
			name = LaunchScreen.xib;
			sourceTree = "<group>";
		};
/* End PBXVariantGroup section */

/* Begin XCBuildConfiguration section */
		15AE538A1C02F0680013FF1B /* Debug */ = {
			isa = XCBuildConfiguration;
			buildSettings = {
				ALWAYS_SEARCH_USER_PATHS = NO;
				CLANG_CXX_LANGUAGE_STANDARD = "gnu++0x";
				CLANG_CXX_LIBRARY = "libc++";
				CLANG_ENABLE_MODULES = YES;
				CLANG_ENABLE_OBJC_ARC = YES;
				CLANG_WARN_BOOL_CONVERSION = YES;
				CLANG_WARN_CONSTANT_CONVERSION = YES;
				CLANG_WARN_DIRECT_OBJC_ISA_USAGE = YES_ERROR;
				CLANG_WARN_EMPTY_BODY = YES;
				CLANG_WARN_ENUM_CONVERSION = YES;
				CLANG_WARN_INT_CONVERSION = YES;
				CLANG_WARN_OBJC_ROOT_CLASS = YES_ERROR;
				CLANG_WARN_UNREACHABLE_CODE = YES;
				CLANG_WARN__DUPLICATE_METHOD_MATCH = YES;
				"CODE_SIGN_IDENTITY[sdk=iphoneos*]" = "iPhone Developer";
				COPY_PHASE_STRIP = NO;
				DEBUG_INFORMATION_FORMAT = "dwarf-with-dsym";
				ENABLE_STRICT_OBJC_MSGSEND = YES;
				GCC_C_LANGUAGE_STANDARD = gnu99;
				GCC_DYNAMIC_NO_PIC = NO;
				GCC_NO_COMMON_BLOCKS = YES;
				GCC_OPTIMIZATION_LEVEL = 0;
				GCC_PREPROCESSOR_DEFINITIONS = (
					"DEBUG=1",
					"$(inherited)",
				);
				GCC_SYMBOLS_PRIVATE_EXTERN = NO;
				GCC_WARN_64_TO_32_BIT_CONVERSION = YES;
				GCC_WARN_ABOUT_RETURN_TYPE = YES_ERROR;
				GCC_WARN_UNDECLARED_SELECTOR = YES;
				GCC_WARN_UNINITIALIZED_AUTOS = YES_AGGRESSIVE;
				GCC_WARN_UNUSED_FUNCTION = YES;
				GCC_WARN_UNUSED_VARIABLE = YES;
				IPHONEOS_DEPLOYMENT_TARGET = 8.3;
				MTL_ENABLE_DEBUG_INFO = YES;
				ONLY_ACTIVE_ARCH = YES;
				SDKROOT = iphoneos;
				TARGETED_DEVICE_FAMILY = "1,2";
			};
			name = Debug;
		};
		15AE538B1C02F0680013FF1B /* Release */ = {
			isa = XCBuildConfiguration;
			buildSettings = {
				ALWAYS_SEARCH_USER_PATHS = NO;
				CLANG_CXX_LANGUAGE_STANDARD = "gnu++0x";
				CLANG_CXX_LIBRARY = "libc++";
				CLANG_ENABLE_MODULES = YES;
				CLANG_ENABLE_OBJC_ARC = YES;
				CLANG_WARN_BOOL_CONVERSION = YES;
				CLANG_WARN_CONSTANT_CONVERSION = YES;
				CLANG_WARN_DIRECT_OBJC_ISA_USAGE = YES_ERROR;
				CLANG_WARN_EMPTY_BODY = YES;
				CLANG_WARN_ENUM_CONVERSION = YES;
				CLANG_WARN_INT_CONVERSION = YES;
				CLANG_WARN_OBJC_ROOT_CLASS = YES_ERROR;
				CLANG_WARN_UNREACHABLE_CODE = YES;
				CLANG_WARN__DUPLICATE_METHOD_MATCH = YES;
				"CODE_SIGN_IDENTITY[sdk=iphoneos*]" = "iPhone Developer";
				COPY_PHASE_STRIP = NO;
				DEBUG_INFORMATION_FORMAT = "dwarf-with-dsym";
				ENABLE_NS_ASSERTIONS = NO;
				ENABLE_STRICT_OBJC_MSGSEND = YES;
				GCC_C_LANGUAGE_STANDARD = gnu99;
				GCC_NO_COMMON_BLOCKS = YES;
				GCC_WARN_64_TO_32_BIT_CONVERSION = YES;
				GCC_WARN_ABOUT_RETURN_TYPE = YES_ERROR;
				GCC_WARN_UNDECLARED_SELECTOR = YES;
				GCC_WARN_UNINITIALIZED_AUTOS = YES_AGGRESSIVE;
				GCC_WARN_UNUSED_FUNCTION = YES;
				GCC_WARN_UNUSED_VARIABLE = YES;
				IPHONEOS_DEPLOYMENT_TARGET = 8.3;
				MTL_ENABLE_DEBUG_INFO = NO;
				SDKROOT = iphoneos;
				TARGETED_DEVICE_FAMILY = "1,2";
				VALIDATE_PRODUCT = YES;
			};
			name = Release;
		};
		15AE538D1C02F0690013FF1B /* Debug */ = {
			isa = XCBuildConfiguration;
			buildSettings = {
				ASSETCATALOG_COMPILER_APPICON_NAME = AppIcon;
				INFOPLIST_FILE = MyDoctor/Info.plist;
				IPHONEOS_DEPLOYMENT_TARGET = 7.0;
				LD_RUNPATH_SEARCH_PATHS = "$(inherited) @executable_path/Frameworks";
				PRODUCT_NAME = "$(TARGET_NAME)";
				TARGETED_DEVICE_FAMILY = 1;
			};
			name = Debug;
		};
		15AE538E1C02F0690013FF1B /* Release */ = {
			isa = XCBuildConfiguration;
			buildSettings = {
				ASSETCATALOG_COMPILER_APPICON_NAME = AppIcon;
				INFOPLIST_FILE = MyDoctor/Info.plist;
				IPHONEOS_DEPLOYMENT_TARGET = 7.0;
				LD_RUNPATH_SEARCH_PATHS = "$(inherited) @executable_path/Frameworks";
				PRODUCT_NAME = "$(TARGET_NAME)";
				TARGETED_DEVICE_FAMILY = 1;
			};
			name = Release;
		};
		15AE53901C02F0690013FF1B /* Debug */ = {
			isa = XCBuildConfiguration;
			buildSettings = {
				BUNDLE_LOADER = "$(TEST_HOST)";
				FRAMEWORK_SEARCH_PATHS = (
					"$(SDKROOT)/Developer/Library/Frameworks",
					"$(inherited)",
				);
				GCC_PREPROCESSOR_DEFINITIONS = (
					"DEBUG=1",
					"$(inherited)",
				);
				INFOPLIST_FILE = MyDoctorTests/Info.plist;
				LD_RUNPATH_SEARCH_PATHS = "$(inherited) @executable_path/Frameworks @loader_path/Frameworks";
				PRODUCT_NAME = "$(TARGET_NAME)";
				TEST_HOST = "$(BUILT_PRODUCTS_DIR)/MyDoctor.app/MyDoctor";
			};
			name = Debug;
		};
		15AE53911C02F0690013FF1B /* Release */ = {
			isa = XCBuildConfiguration;
			buildSettings = {
				BUNDLE_LOADER = "$(TEST_HOST)";
				FRAMEWORK_SEARCH_PATHS = (
					"$(SDKROOT)/Developer/Library/Frameworks",
					"$(inherited)",
				);
				INFOPLIST_FILE = MyDoctorTests/Info.plist;
				LD_RUNPATH_SEARCH_PATHS = "$(inherited) @executable_path/Frameworks @loader_path/Frameworks";
				PRODUCT_NAME = "$(TARGET_NAME)";
				TEST_HOST = "$(BUILT_PRODUCTS_DIR)/MyDoctor.app/MyDoctor";
			};
			name = Release;
		};
/* End XCBuildConfiguration section */

/* Begin XCConfigurationList section */
		15AE53641C02F0680013FF1B /* Build configuration list for PBXProject "MyDoctor" */ = {
			isa = XCConfigurationList;
			buildConfigurations = (
				15AE538A1C02F0680013FF1B /* Debug */,
				15AE538B1C02F0680013FF1B /* Release */,
			);
			defaultConfigurationIsVisible = 0;
			defaultConfigurationName = Release;
		};
		15AE538C1C02F0690013FF1B /* Build configuration list for PBXNativeTarget "MyDoctor" */ = {
			isa = XCConfigurationList;
			buildConfigurations = (
				15AE538D1C02F0690013FF1B /* Debug */,
				15AE538E1C02F0690013FF1B /* Release */,
			);
			defaultConfigurationIsVisible = 0;
			defaultConfigurationName = Release;
		};
		15AE538F1C02F0690013FF1B /* Build configuration list for PBXNativeTarget "MyDoctorTests" */ = {
			isa = XCConfigurationList;
			buildConfigurations = (
				15AE53901C02F0690013FF1B /* Debug */,
				15AE53911C02F0690013FF1B /* Release */,
			);
			defaultConfigurationIsVisible = 0;
			defaultConfigurationName = Release;
		};
/* End XCConfigurationList section */
	};
	rootObject = 15AE53611C02F0680013FF1B /* Project object */;
}
