// !$*UTF8*$!
{
	archiveVersion = 1;
	classes = {
	};
	objectVersion = 46;
	objects = {

/* Begin PBXBuildFile section */
		153C1E631C03F4ED00F87014 /* home@2x.png in Resources */ = {isa = PBXBuildFile; fileRef = 153C1E601C03F4ED00F87014 /* home@2x.png */; };
		153C1E641C03F4ED00F87014 /* my@2x.png in Resources */ = {isa = PBXBuildFile; fileRef = 153C1E611C03F4ED00F87014 /* my@2x.png */; };
		153C1E651C03F4ED00F87014 /* service@2x.png in Resources */ = {isa = PBXBuildFile; fileRef = 153C1E621C03F4ED00F87014 /* service@2x.png */; };
		153C1E7F1C03FB8C00F87014 /* MX_MASCompositeConstraint.m in Sources */ = {isa = PBXBuildFile; fileRef = 153C1E6A1C03FB8C00F87014 /* MX_MASCompositeConstraint.m */; };
		153C1E801C03FB8C00F87014 /* MX_MASConstraint.m in Sources */ = {isa = PBXBuildFile; fileRef = 153C1E6D1C03FB8C00F87014 /* MX_MASConstraint.m */; };
		153C1E811C03FB8C00F87014 /* MX_MASConstraintMaker.m in Sources */ = {isa = PBXBuildFile; fileRef = 153C1E6F1C03FB8C00F87014 /* MX_MASConstraintMaker.m */; };
		153C1E821C03FB8C00F87014 /* MX_MASLayoutConstraint.m in Sources */ = {isa = PBXBuildFile; fileRef = 153C1E711C03FB8C00F87014 /* MX_MASLayoutConstraint.m */; };
		153C1E831C03FB8C00F87014 /* MX_MASViewAttribute.m in Sources */ = {isa = PBXBuildFile; fileRef = 153C1E741C03FB8C00F87014 /* MX_MASViewAttribute.m */; };
		153C1E841C03FB8C00F87014 /* MX_MASViewConstraint.m in Sources */ = {isa = PBXBuildFile; fileRef = 153C1E761C03FB8C00F87014 /* MX_MASViewConstraint.m */; };
		153C1E851C03FB8C00F87014 /* NSArray+MASAdditions.m in Sources */ = {isa = PBXBuildFile; fileRef = 153C1E781C03FB8C00F87014 /* NSArray+MASAdditions.m */; };
		153C1E861C03FB8C00F87014 /* NSLayoutConstraint+MASDebugAdditions.m in Sources */ = {isa = PBXBuildFile; fileRef = 153C1E7B1C03FB8C00F87014 /* NSLayoutConstraint+MASDebugAdditions.m */; };
		153C1E871C03FB8C00F87014 /* View+MASAdditions.m in Sources */ = {isa = PBXBuildFile; fileRef = 153C1E7D1C03FB8C00F87014 /* View+MASAdditions.m */; };
		153C1E8B1C0405FE00F87014 /* WBToolBar.m in Sources */ = {isa = PBXBuildFile; fileRef = 153C1E8A1C0405FE00F87014 /* WBToolBar.m */; };
		153C1EA61C054D5100F87014 /* MDServiceFolerVO.m in Sources */ = {isa = PBXBuildFile; fileRef = 153C1EA51C054D5100F87014 /* MDServiceFolerVO.m */; };
		153C1EAB1C05571300F87014 /* servicekuang@2x.png in Resources */ = {isa = PBXBuildFile; fileRef = 153C1EAA1C05571300F87014 /* servicekuang@2x.png */; };
		159049721C069FA600EE51FB /* BRSlogInViewController.m in Sources */ = {isa = PBXBuildFile; fileRef = 159049671C069FA600EE51FB /* BRSlogInViewController.m */; };
		159049731C069FA600EE51FB /* BRSNewPageViewController.m in Sources */ = {isa = PBXBuildFile; fileRef = 159049691C069FA600EE51FB /* BRSNewPageViewController.m */; };
		159049741C069FA600EE51FB /* BRSNewPasswordViewController.m in Sources */ = {isa = PBXBuildFile; fileRef = 1590496B1C069FA600EE51FB /* BRSNewPasswordViewController.m */; };
		159049751C069FA600EE51FB /* BRSSignIn2ViewController.m in Sources */ = {isa = PBXBuildFile; fileRef = 1590496D1C069FA600EE51FB /* BRSSignIn2ViewController.m */; };
		159049761C069FA600EE51FB /* BRSSignInViewController.m in Sources */ = {isa = PBXBuildFile; fileRef = 1590496F1C069FA600EE51FB /* BRSSignInViewController.m */; };
		159049771C069FA600EE51FB /* BRSTextField.m in Sources */ = {isa = PBXBuildFile; fileRef = 159049711C069FA600EE51FB /* BRSTextField.m */; };
		1590497D1C06A71000EE51FB /* BRSEndSignlnViewController.m in Sources */ = {isa = PBXBuildFile; fileRef = 1590497C1C06A71000EE51FB /* BRSEndSignlnViewController.m */; };
		159049881C06CD6100EE51FB /* 按钮@2x.png in Resources */ = {isa = PBXBuildFile; fileRef = 1590497E1C06CD6100EE51FB /* 按钮@2x.png */; };
		159049891C06CD6100EE51FB /* 按钮页@2x.png in Resources */ = {isa = PBXBuildFile; fileRef = 1590497F1C06CD6100EE51FB /* 按钮页@2x.png */; };
		1590498A1C06CD6100EE51FB /* 登录-框-图标1@2x.png in Resources */ = {isa = PBXBuildFile; fileRef = 159049801C06CD6100EE51FB /* 登录-框-图标1@2x.png */; };
		1590498B1C06CD6100EE51FB /* 登录-框-图标2@2x.png in Resources */ = {isa = PBXBuildFile; fileRef = 159049811C06CD6100EE51FB /* 登录-框-图标2@2x.png */; };
		1590498C1C06CD6100EE51FB /* 登录-注册底@2x.png in Resources */ = {isa = PBXBuildFile; fileRef = 159049821C06CD6100EE51FB /* 登录-注册底@2x.png */; };
		1590498D1C06CD6100EE51FB /* 返回@2x.png in Resources */ = {isa = PBXBuildFile; fileRef = 159049831C06CD6100EE51FB /* 返回@2x.png */; };
		1590498E1C06CD6100EE51FB /* 注册-添加照片@2x.png in Resources */ = {isa = PBXBuildFile; fileRef = 159049841C06CD6100EE51FB /* 注册-添加照片@2x.png */; };
		1590498F1C06CD6100EE51FB /* 注册按钮@2x.png in Resources */ = {isa = PBXBuildFile; fileRef = 159049851C06CD6100EE51FB /* 注册按钮@2x.png */; };
		159049901C06CD6100EE51FB /* mx_defaultSelect_phone@2x.png in Resources */ = {isa = PBXBuildFile; fileRef = 159049861C06CD6100EE51FB /* mx_defaultSelect_phone@2x.png */; };
		159049911C06CD6100EE51FB /* mx_selected_phone@2x.png in Resources */ = {isa = PBXBuildFile; fileRef = 159049871C06CD6100EE51FB /* mx_selected_phone@2x.png */; };
		159049951C06CFD900EE51FB /* 红色提醒@2x.png in Resources */ = {isa = PBXBuildFile; fileRef = 159049921C06CFD900EE51FB /* 红色提醒@2x.png */; };
		159049961C06CFD900EE51FB /* 灰色单选@2x.png in Resources */ = {isa = PBXBuildFile; fileRef = 159049931C06CFD900EE51FB /* 灰色单选@2x.png */; };
		159049971C06CFD900EE51FB /* 绿色单选@2x.png in Resources */ = {isa = PBXBuildFile; fileRef = 159049941C06CFD900EE51FB /* 绿色单选@2x.png */; };
		1590499B1C0702E600EE51FB /* homeback@2x.png in Resources */ = {isa = PBXBuildFile; fileRef = 159049981C0702E600EE51FB /* homeback@2x.png */; };
		1590499C1C0702E600EE51FB /* myback@2x.png in Resources */ = {isa = PBXBuildFile; fileRef = 159049991C0702E600EE51FB /* myback@2x.png */; };
		1590499D1C0702E600EE51FB /* serviceback@2x.png in Resources */ = {isa = PBXBuildFile; fileRef = 1590499A1C0702E600EE51FB /* serviceback@2x.png */; };
		15AE536F1C02F0680013FF1B /* main.m in Sources */ = {isa = PBXBuildFile; fileRef = 15AE536E1C02F0680013FF1B /* main.m */; };
		15AE53751C02F0680013FF1B /* MDBaseViewController.m in Sources */ = {isa = PBXBuildFile; fileRef = 15AE53741C02F0680013FF1B /* MDBaseViewController.m */; };
		15AE53781C02F0680013FF1B /* Main.storyboard in Resources */ = {isa = PBXBuildFile; fileRef = 15AE53761C02F0680013FF1B /* Main.storyboard */; };
		15AE537A1C02F0680013FF1B /* Images.xcassets in Resources */ = {isa = PBXBuildFile; fileRef = 15AE53791C02F0680013FF1B /* Images.xcassets */; };
		15AE537D1C02F0680013FF1B /* LaunchScreen.xib in Resources */ = {isa = PBXBuildFile; fileRef = 15AE537B1C02F0680013FF1B /* LaunchScreen.xib */; };
		15AE53891C02F0680013FF1B /* MyDoctorTests.m in Sources */ = {isa = PBXBuildFile; fileRef = 15AE53881C02F0680013FF1B /* MyDoctorTests.m */; };
		6A3EF7AE1C054DA700923D03 /* purplelogo@2x.png in Resources */ = {isa = PBXBuildFile; fileRef = 6A3EF7AD1C054DA700923D03 /* purplelogo@2x.png */; };
		6A3EF7B11C054E1E00923D03 /* arrow@2x.png in Resources */ = {isa = PBXBuildFile; fileRef = 6A3EF7AF1C054E1E00923D03 /* arrow@2x.png */; };
		6A3EF7B21C054E1E00923D03 /* bluelogo@2x.png in Resources */ = {isa = PBXBuildFile; fileRef = 6A3EF7B01C054E1E00923D03 /* bluelogo@2x.png */; };
		6A3EF7B51C054E2C00923D03 /* feedback@2x.png in Resources */ = {isa = PBXBuildFile; fileRef = 6A3EF7B31C054E2C00923D03 /* feedback@2x.png */; };
		6A3EF7B61C054E2C00923D03 /* greenlogo@2x.png in Resources */ = {isa = PBXBuildFile; fileRef = 6A3EF7B41C054E2C00923D03 /* greenlogo@2x.png */; };
		6A3EF7B81C054E3400923D03 /* notes@2x.png in Resources */ = {isa = PBXBuildFile; fileRef = 6A3EF7B71C054E3400923D03 /* notes@2x.png */; };
		6A3EF7BA1C054E3D00923D03 /* navigationbar_rightbtn@2x.png in Resources */ = {isa = PBXBuildFile; fileRef = 6A3EF7B91C054E3D00923D03 /* navigationbar_rightbtn@2x.png */; };
		6A3EF7BC1C054E4000923D03 /* mydoctor@2x.png in Resources */ = {isa = PBXBuildFile; fileRef = 6A3EF7BB1C054E4000923D03 /* mydoctor@2x.png */; };
		6A3EF7C01C054E9D00923D03 /* background@2x.png in Resources */ = {isa = PBXBuildFile; fileRef = 6A3EF7BF1C054E9D00923D03 /* background@2x.png */; };
		6A3EF7C21C05561500923D03 /* topImg@2x.png in Resources */ = {isa = PBXBuildFile; fileRef = 6A3EF7C11C05561500923D03 /* topImg@2x.png */; };
		6A3EF7DD1C058F1200923D03 /* MDMyViewController.m in Sources */ = {isa = PBXBuildFile; fileRef = 6A3EF7DC1C058F1200923D03 /* MDMyViewController.m */; };
		6A3EF7E01C058F8600923D03 /* MDMyViewItem.m in Sources */ = {isa = PBXBuildFile; fileRef = 6A3EF7DF1C058F8600923D03 /* MDMyViewItem.m */; };
		6A3EF8081C05A20400923D03 /* MDNurseViewController.m in Sources */ = {isa = PBXBuildFile; fileRef = 6A3EF8071C05A20400923D03 /* MDNurseViewController.m */; };
		6A3EF80E1C05ADF100923D03 /* MDHomeViewController.m in Sources */ = {isa = PBXBuildFile; fileRef = 6A3EF80B1C05A62E00923D03 /* MDHomeViewController.m */; };
		6A3EF8141C05B5B800923D03 /* MDOrderDetailsViewController.m in Sources */ = {isa = PBXBuildFile; fileRef = 6A3EF8131C05B5B800923D03 /* MDOrderDetailsViewController.m */; };
		6A3EF8411C05BAFE00923D03 /* MDAllServiceViewController.m in Sources */ = {isa = PBXBuildFile; fileRef = 6A3EF8381C05BAFE00923D03 /* MDAllServiceViewController.m */; };
		6A3EF8421C05BAFE00923D03 /* MDOngoingViewController.m in Sources */ = {isa = PBXBuildFile; fileRef = 6A3EF83A1C05BAFE00923D03 /* MDOngoingViewController.m */; };
		6A3EF8431C05BAFE00923D03 /* MDPaymentViewController.m in Sources */ = {isa = PBXBuildFile; fileRef = 6A3EF83C1C05BAFE00923D03 /* MDPaymentViewController.m */; };
		6A3EF8441C05BAFE00923D03 /* MDServiceTableViewCell.m in Sources */ = {isa = PBXBuildFile; fileRef = 6A3EF83E1C05BAFE00923D03 /* MDServiceTableViewCell.m */; };
		6A3EF8451C05BAFE00923D03 /* MDServiceViewController.m in Sources */ = {isa = PBXBuildFile; fileRef = 6A3EF8401C05BAFE00923D03 /* MDServiceViewController.m */; };
		6A3EF8481C05BB1D00923D03 /* AppDelegate.m in Sources */ = {isa = PBXBuildFile; fileRef = 6A3EF8471C05BB1D00923D03 /* AppDelegate.m */; };
		6A3EF84A1C05FDE000923D03 /* navigationbar_back@2x.png in Resources */ = {isa = PBXBuildFile; fileRef = 6A3EF8491C05FDE000923D03 /* navigationbar_back@2x.png */; };
		6A3EF84D1C06037100923D03 /* MDnoticeCenterController.m in Sources */ = {isa = PBXBuildFile; fileRef = 6A3EF84C1C06037100923D03 /* MDnoticeCenterController.m */; };
		6A3EF8501C06038B00923D03 /* MDHospitalViewController.m in Sources */ = {isa = PBXBuildFile; fileRef = 6A3EF84F1C06038B00923D03 /* MDHospitalViewController.m */; };
		6A3EF8531C06039C00923D03 /* MDConsultDrupViewController.m in Sources */ = {isa = PBXBuildFile; fileRef = 6A3EF8521C06039C00923D03 /* MDConsultDrupViewController.m */; };
		6A3EF8561C0603DE00923D03 /* MDActivityViewController.m in Sources */ = {isa = PBXBuildFile; fileRef = 6A3EF8551C0603DE00923D03 /* MDActivityViewController.m */; };
/* End PBXBuildFile section */

/* Begin PBXContainerItemProxy section */
		15AE53831C02F0680013FF1B /* PBXContainerItemProxy */ = {
			isa = PBXContainerItemProxy;
			containerPortal = 15AE53611C02F0680013FF1B /* Project object */;
			proxyType = 1;
			remoteGlobalIDString = 15AE53681C02F0680013FF1B;
			remoteInfo = MyDoctor;
		};
/* End PBXContainerItemProxy section */

/* Begin PBXFileReference section */
		153C1E601C03F4ED00F87014 /* home@2x.png */ = {isa = PBXFileReference; lastKnownFileType = image.png; path = "home@2x.png"; sourceTree = "<group>"; };
		153C1E611C03F4ED00F87014 /* my@2x.png */ = {isa = PBXFileReference; lastKnownFileType = image.png; path = "my@2x.png"; sourceTree = "<group>"; };
		153C1E621C03F4ED00F87014 /* service@2x.png */ = {isa = PBXFileReference; lastKnownFileType = image.png; path = "service@2x.png"; sourceTree = "<group>"; };
		153C1E681C03FB8C00F87014 /* MASUtilities.h */ = {isa = PBXFileReference; fileEncoding = 4; lastKnownFileType = sourcecode.c.h; path = MASUtilities.h; sourceTree = "<group>"; };
		153C1E691C03FB8C00F87014 /* MX_MASCompositeConstraint.h */ = {isa = PBXFileReference; fileEncoding = 4; lastKnownFileType = sourcecode.c.h; path = MX_MASCompositeConstraint.h; sourceTree = "<group>"; };
		153C1E6A1C03FB8C00F87014 /* MX_MASCompositeConstraint.m */ = {isa = PBXFileReference; fileEncoding = 4; lastKnownFileType = sourcecode.c.objc; path = MX_MASCompositeConstraint.m; sourceTree = "<group>"; };
		153C1E6B1C03FB8C00F87014 /* MX_MASConstraint+Private.h */ = {isa = PBXFileReference; fileEncoding = 4; lastKnownFileType = sourcecode.c.h; path = "MX_MASConstraint+Private.h"; sourceTree = "<group>"; };
		153C1E6C1C03FB8C00F87014 /* MX_MASConstraint.h */ = {isa = PBXFileReference; fileEncoding = 4; lastKnownFileType = sourcecode.c.h; path = MX_MASConstraint.h; sourceTree = "<group>"; };
		153C1E6D1C03FB8C00F87014 /* MX_MASConstraint.m */ = {isa = PBXFileReference; fileEncoding = 4; lastKnownFileType = sourcecode.c.objc; path = MX_MASConstraint.m; sourceTree = "<group>"; };
		153C1E6E1C03FB8C00F87014 /* MX_MASConstraintMaker.h */ = {isa = PBXFileReference; fileEncoding = 4; lastKnownFileType = sourcecode.c.h; path = MX_MASConstraintMaker.h; sourceTree = "<group>"; };
		153C1E6F1C03FB8C00F87014 /* MX_MASConstraintMaker.m */ = {isa = PBXFileReference; fileEncoding = 4; lastKnownFileType = sourcecode.c.objc; path = MX_MASConstraintMaker.m; sourceTree = "<group>"; };
		153C1E701C03FB8C00F87014 /* MX_MASLayoutConstraint.h */ = {isa = PBXFileReference; fileEncoding = 4; lastKnownFileType = sourcecode.c.h; path = MX_MASLayoutConstraint.h; sourceTree = "<group>"; };
		153C1E711C03FB8C00F87014 /* MX_MASLayoutConstraint.m */ = {isa = PBXFileReference; fileEncoding = 4; lastKnownFileType = sourcecode.c.objc; path = MX_MASLayoutConstraint.m; sourceTree = "<group>"; };
		153C1E721C03FB8C00F87014 /* MX_Masonry.h */ = {isa = PBXFileReference; fileEncoding = 4; lastKnownFileType = sourcecode.c.h; path = MX_Masonry.h; sourceTree = "<group>"; };
		153C1E731C03FB8C00F87014 /* MX_MASViewAttribute.h */ = {isa = PBXFileReference; fileEncoding = 4; lastKnownFileType = sourcecode.c.h; path = MX_MASViewAttribute.h; sourceTree = "<group>"; };
		153C1E741C03FB8C00F87014 /* MX_MASViewAttribute.m */ = {isa = PBXFileReference; fileEncoding = 4; lastKnownFileType = sourcecode.c.objc; path = MX_MASViewAttribute.m; sourceTree = "<group>"; };
		153C1E751C03FB8C00F87014 /* MX_MASViewConstraint.h */ = {isa = PBXFileReference; fileEncoding = 4; lastKnownFileType = sourcecode.c.h; path = MX_MASViewConstraint.h; sourceTree = "<group>"; };
		153C1E761C03FB8C00F87014 /* MX_MASViewConstraint.m */ = {isa = PBXFileReference; fileEncoding = 4; lastKnownFileType = sourcecode.c.objc; path = MX_MASViewConstraint.m; sourceTree = "<group>"; };
		153C1E771C03FB8C00F87014 /* NSArray+MASAdditions.h */ = {isa = PBXFileReference; fileEncoding = 4; lastKnownFileType = sourcecode.c.h; path = "NSArray+MASAdditions.h"; sourceTree = "<group>"; };
		153C1E781C03FB8C00F87014 /* NSArray+MASAdditions.m */ = {isa = PBXFileReference; fileEncoding = 4; lastKnownFileType = sourcecode.c.objc; path = "NSArray+MASAdditions.m"; sourceTree = "<group>"; };
		153C1E791C03FB8C00F87014 /* NSArray+MASShorthandAdditions.h */ = {isa = PBXFileReference; fileEncoding = 4; lastKnownFileType = sourcecode.c.h; path = "NSArray+MASShorthandAdditions.h"; sourceTree = "<group>"; };
		153C1E7A1C03FB8C00F87014 /* NSLayoutConstraint+MASDebugAdditions.h */ = {isa = PBXFileReference; fileEncoding = 4; lastKnownFileType = sourcecode.c.h; path = "NSLayoutConstraint+MASDebugAdditions.h"; sourceTree = "<group>"; };
		153C1E7B1C03FB8C00F87014 /* NSLayoutConstraint+MASDebugAdditions.m */ = {isa = PBXFileReference; fileEncoding = 4; lastKnownFileType = sourcecode.c.objc; path = "NSLayoutConstraint+MASDebugAdditions.m"; sourceTree = "<group>"; };
		153C1E7C1C03FB8C00F87014 /* View+MASAdditions.h */ = {isa = PBXFileReference; fileEncoding = 4; lastKnownFileType = sourcecode.c.h; path = "View+MASAdditions.h"; sourceTree = "<group>"; };
		153C1E7D1C03FB8C00F87014 /* View+MASAdditions.m */ = {isa = PBXFileReference; fileEncoding = 4; lastKnownFileType = sourcecode.c.objc; path = "View+MASAdditions.m"; sourceTree = "<group>"; };
		153C1E7E1C03FB8C00F87014 /* View+MASShorthandAdditions.h */ = {isa = PBXFileReference; fileEncoding = 4; lastKnownFileType = sourcecode.c.h; path = "View+MASShorthandAdditions.h"; sourceTree = "<group>"; };
		153C1E891C0405FE00F87014 /* WBToolBar.h */ = {isa = PBXFileReference; fileEncoding = 4; lastKnownFileType = sourcecode.c.h; path = WBToolBar.h; sourceTree = "<group>"; };
		153C1E8A1C0405FE00F87014 /* WBToolBar.m */ = {isa = PBXFileReference; fileEncoding = 4; lastKnownFileType = sourcecode.c.objc; path = WBToolBar.m; sourceTree = "<group>"; };
		153C1E8C1C0406C200F87014 /* MDConst.h */ = {isa = PBXFileReference; lastKnownFileType = sourcecode.c.h; name = MDConst.h; path = Home/MDConst.h; sourceTree = "<group>"; };
		153C1EA41C054D5100F87014 /* MDServiceFolerVO.h */ = {isa = PBXFileReference; fileEncoding = 4; lastKnownFileType = sourcecode.c.h; name = MDServiceFolerVO.h; path = Service/MDServiceModel/MDServiceFolerVO.h; sourceTree = "<group>"; };
		153C1EA51C054D5100F87014 /* MDServiceFolerVO.m */ = {isa = PBXFileReference; fileEncoding = 4; lastKnownFileType = sourcecode.c.objc; name = MDServiceFolerVO.m; path = Service/MDServiceModel/MDServiceFolerVO.m; sourceTree = "<group>"; };
		153C1EAA1C05571300F87014 /* servicekuang@2x.png */ = {isa = PBXFileReference; lastKnownFileType = image.png; path = "servicekuang@2x.png"; sourceTree = "<group>"; };
		159049661C069FA600EE51FB /* BRSlogInViewController.h */ = {isa = PBXFileReference; fileEncoding = 4; lastKnownFileType = sourcecode.c.h; path = BRSlogInViewController.h; sourceTree = "<group>"; };
		159049671C069FA600EE51FB /* BRSlogInViewController.m */ = {isa = PBXFileReference; fileEncoding = 4; lastKnownFileType = sourcecode.c.objc; path = BRSlogInViewController.m; sourceTree = "<group>"; };
		159049681C069FA600EE51FB /* BRSNewPageViewController.h */ = {isa = PBXFileReference; fileEncoding = 4; lastKnownFileType = sourcecode.c.h; path = BRSNewPageViewController.h; sourceTree = "<group>"; };
		159049691C069FA600EE51FB /* BRSNewPageViewController.m */ = {isa = PBXFileReference; fileEncoding = 4; lastKnownFileType = sourcecode.c.objc; path = BRSNewPageViewController.m; sourceTree = "<group>"; };
		1590496A1C069FA600EE51FB /* BRSNewPasswordViewController.h */ = {isa = PBXFileReference; fileEncoding = 4; lastKnownFileType = sourcecode.c.h; path = BRSNewPasswordViewController.h; sourceTree = "<group>"; };
		1590496B1C069FA600EE51FB /* BRSNewPasswordViewController.m */ = {isa = PBXFileReference; fileEncoding = 4; lastKnownFileType = sourcecode.c.objc; path = BRSNewPasswordViewController.m; sourceTree = "<group>"; };
		1590496C1C069FA600EE51FB /* BRSSignIn2ViewController.h */ = {isa = PBXFileReference; fileEncoding = 4; lastKnownFileType = sourcecode.c.h; path = BRSSignIn2ViewController.h; sourceTree = "<group>"; };
		1590496D1C069FA600EE51FB /* BRSSignIn2ViewController.m */ = {isa = PBXFileReference; fileEncoding = 4; lastKnownFileType = sourcecode.c.objc; path = BRSSignIn2ViewController.m; sourceTree = "<group>"; };
		1590496E1C069FA600EE51FB /* BRSSignInViewController.h */ = {isa = PBXFileReference; fileEncoding = 4; lastKnownFileType = sourcecode.c.h; path = BRSSignInViewController.h; sourceTree = "<group>"; };
		1590496F1C069FA600EE51FB /* BRSSignInViewController.m */ = {isa = PBXFileReference; fileEncoding = 4; lastKnownFileType = sourcecode.c.objc; path = BRSSignInViewController.m; sourceTree = "<group>"; };
		159049701C069FA600EE51FB /* BRSTextField.h */ = {isa = PBXFileReference; fileEncoding = 4; lastKnownFileType = sourcecode.c.h; path = BRSTextField.h; sourceTree = "<group>"; };
		159049711C069FA600EE51FB /* BRSTextField.m */ = {isa = PBXFileReference; fileEncoding = 4; lastKnownFileType = sourcecode.c.objc; path = BRSTextField.m; sourceTree = "<group>"; };
		1590497B1C06A71000EE51FB /* BRSEndSignlnViewController.h */ = {isa = PBXFileReference; fileEncoding = 4; lastKnownFileType = sourcecode.c.h; path = BRSEndSignlnViewController.h; sourceTree = "<group>"; };
		1590497C1C06A71000EE51FB /* BRSEndSignlnViewController.m */ = {isa = PBXFileReference; fileEncoding = 4; lastKnownFileType = sourcecode.c.objc; path = BRSEndSignlnViewController.m; sourceTree = "<group>"; };
		1590497E1C06CD6100EE51FB /* 按钮@2x.png */ = {isa = PBXFileReference; lastKnownFileType = image.png; path = "按钮@2x.png"; sourceTree = "<group>"; };
		1590497F1C06CD6100EE51FB /* 按钮页@2x.png */ = {isa = PBXFileReference; lastKnownFileType = image.png; path = "按钮页@2x.png"; sourceTree = "<group>"; };
		159049801C06CD6100EE51FB /* 登录-框-图标1@2x.png */ = {isa = PBXFileReference; lastKnownFileType = image.png; path = "登录-框-图标1@2x.png"; sourceTree = "<group>"; };
		159049811C06CD6100EE51FB /* 登录-框-图标2@2x.png */ = {isa = PBXFileReference; lastKnownFileType = image.png; path = "登录-框-图标2@2x.png"; sourceTree = "<group>"; };
		159049821C06CD6100EE51FB /* 登录-注册底@2x.png */ = {isa = PBXFileReference; lastKnownFileType = image.png; path = "登录-注册底@2x.png"; sourceTree = "<group>"; };
		159049831C06CD6100EE51FB /* 返回@2x.png */ = {isa = PBXFileReference; lastKnownFileType = image.png; path = "返回@2x.png"; sourceTree = "<group>"; };
		159049841C06CD6100EE51FB /* 注册-添加照片@2x.png */ = {isa = PBXFileReference; lastKnownFileType = image.png; path = "注册-添加照片@2x.png"; sourceTree = "<group>"; };
		159049851C06CD6100EE51FB /* 注册按钮@2x.png */ = {isa = PBXFileReference; lastKnownFileType = image.png; path = "注册按钮@2x.png"; sourceTree = "<group>"; };
		159049861C06CD6100EE51FB /* mx_defaultSelect_phone@2x.png */ = {isa = PBXFileReference; lastKnownFileType = image.png; path = "mx_defaultSelect_phone@2x.png"; sourceTree = "<group>"; };
		159049871C06CD6100EE51FB /* mx_selected_phone@2x.png */ = {isa = PBXFileReference; lastKnownFileType = image.png; path = "mx_selected_phone@2x.png"; sourceTree = "<group>"; };
		159049921C06CFD900EE51FB /* 红色提醒@2x.png */ = {isa = PBXFileReference; lastKnownFileType = image.png; path = "红色提醒@2x.png"; sourceTree = "<group>"; };
		159049931C06CFD900EE51FB /* 灰色单选@2x.png */ = {isa = PBXFileReference; lastKnownFileType = image.png; path = "灰色单选@2x.png"; sourceTree = "<group>"; };
		159049941C06CFD900EE51FB /* 绿色单选@2x.png */ = {isa = PBXFileReference; lastKnownFileType = image.png; path = "绿色单选@2x.png"; sourceTree = "<group>"; };
		159049981C0702E600EE51FB /* homeback@2x.png */ = {isa = PBXFileReference; lastKnownFileType = image.png; path = "homeback@2x.png"; sourceTree = "<group>"; };
		159049991C0702E600EE51FB /* myback@2x.png */ = {isa = PBXFileReference; lastKnownFileType = image.png; path = "myback@2x.png"; sourceTree = "<group>"; };
		1590499A1C0702E600EE51FB /* serviceback@2x.png */ = {isa = PBXFileReference; lastKnownFileType = image.png; path = "serviceback@2x.png"; sourceTree = "<group>"; };
		15AE53691C02F0680013FF1B /* MyDoctor.app */ = {isa = PBXFileReference; explicitFileType = wrapper.application; includeInIndex = 0; path = MyDoctor.app; sourceTree = BUILT_PRODUCTS_DIR; };
		15AE536D1C02F0680013FF1B /* Info.plist */ = {isa = PBXFileReference; lastKnownFileType = text.plist.xml; path = Info.plist; sourceTree = "<group>"; };
		15AE536E1C02F0680013FF1B /* main.m */ = {isa = PBXFileReference; lastKnownFileType = sourcecode.c.objc; path = main.m; sourceTree = "<group>"; };
		15AE53731C02F0680013FF1B /* MDBaseViewController.h */ = {isa = PBXFileReference; lastKnownFileType = sourcecode.c.h; path = MDBaseViewController.h; sourceTree = "<group>"; };
		15AE53741C02F0680013FF1B /* MDBaseViewController.m */ = {isa = PBXFileReference; lastKnownFileType = sourcecode.c.objc; path = MDBaseViewController.m; sourceTree = "<group>"; };
		15AE53771C02F0680013FF1B /* Base */ = {isa = PBXFileReference; lastKnownFileType = file.storyboard; name = Base; path = Base.lproj/Main.storyboard; sourceTree = "<group>"; };
		15AE53791C02F0680013FF1B /* Images.xcassets */ = {isa = PBXFileReference; lastKnownFileType = folder.assetcatalog; path = Images.xcassets; sourceTree = "<group>"; };
		15AE537C1C02F0680013FF1B /* Base */ = {isa = PBXFileReference; lastKnownFileType = file.xib; name = Base; path = Base.lproj/LaunchScreen.xib; sourceTree = "<group>"; };
		15AE53821C02F0680013FF1B /* MyDoctorTests.xctest */ = {isa = PBXFileReference; explicitFileType = wrapper.cfbundle; includeInIndex = 0; path = MyDoctorTests.xctest; sourceTree = BUILT_PRODUCTS_DIR; };
		15AE53871C02F0680013FF1B /* Info.plist */ = {isa = PBXFileReference; lastKnownFileType = text.plist.xml; path = Info.plist; sourceTree = "<group>"; };
		15AE53881C02F0680013FF1B /* MyDoctorTests.m */ = {isa = PBXFileReference; lastKnownFileType = sourcecode.c.objc; path = MyDoctorTests.m; sourceTree = "<group>"; };
		6A3EF7AD1C054DA700923D03 /* purplelogo@2x.png */ = {isa = PBXFileReference; lastKnownFileType = image.png; path = "purplelogo@2x.png"; sourceTree = "<group>"; };
		6A3EF7AF1C054E1E00923D03 /* arrow@2x.png */ = {isa = PBXFileReference; lastKnownFileType = image.png; path = "arrow@2x.png"; sourceTree = "<group>"; };
		6A3EF7B01C054E1E00923D03 /* bluelogo@2x.png */ = {isa = PBXFileReference; lastKnownFileType = image.png; path = "bluelogo@2x.png"; sourceTree = "<group>"; };
		6A3EF7B31C054E2C00923D03 /* feedback@2x.png */ = {isa = PBXFileReference; lastKnownFileType = image.png; path = "feedback@2x.png"; sourceTree = "<group>"; };
		6A3EF7B41C054E2C00923D03 /* greenlogo@2x.png */ = {isa = PBXFileReference; lastKnownFileType = image.png; path = "greenlogo@2x.png"; sourceTree = "<group>"; };
		6A3EF7B71C054E3400923D03 /* notes@2x.png */ = {isa = PBXFileReference; lastKnownFileType = image.png; path = "notes@2x.png"; sourceTree = "<group>"; };
		6A3EF7B91C054E3D00923D03 /* navigationbar_rightbtn@2x.png */ = {isa = PBXFileReference; lastKnownFileType = image.png; path = "navigationbar_rightbtn@2x.png"; sourceTree = "<group>"; };
		6A3EF7BB1C054E4000923D03 /* mydoctor@2x.png */ = {isa = PBXFileReference; lastKnownFileType = image.png; path = "mydoctor@2x.png"; sourceTree = "<group>"; };
		6A3EF7BF1C054E9D00923D03 /* background@2x.png */ = {isa = PBXFileReference; lastKnownFileType = image.png; path = "background@2x.png"; sourceTree = "<group>"; };
		6A3EF7C11C05561500923D03 /* topImg@2x.png */ = {isa = PBXFileReference; lastKnownFileType = image.png; path = "topImg@2x.png"; sourceTree = "<group>"; };
		6A3EF7DB1C058F1200923D03 /* MDMyViewController.h */ = {isa = PBXFileReference; fileEncoding = 4; lastKnownFileType = sourcecode.c.h; path = MDMyViewController.h; sourceTree = "<group>"; };
		6A3EF7DC1C058F1200923D03 /* MDMyViewController.m */ = {isa = PBXFileReference; fileEncoding = 4; lastKnownFileType = sourcecode.c.objc; path = MDMyViewController.m; sourceTree = "<group>"; };
		6A3EF7DE1C058F8600923D03 /* MDMyViewItem.h */ = {isa = PBXFileReference; fileEncoding = 4; lastKnownFileType = sourcecode.c.h; path = MDMyViewItem.h; sourceTree = "<group>"; };
		6A3EF7DF1C058F8600923D03 /* MDMyViewItem.m */ = {isa = PBXFileReference; fileEncoding = 4; lastKnownFileType = sourcecode.c.objc; path = MDMyViewItem.m; sourceTree = "<group>"; };
		6A3EF8061C05A20400923D03 /* MDNurseViewController.h */ = {isa = PBXFileReference; fileEncoding = 4; lastKnownFileType = sourcecode.c.h; path = MDNurseViewController.h; sourceTree = "<group>"; };
		6A3EF8071C05A20400923D03 /* MDNurseViewController.m */ = {isa = PBXFileReference; fileEncoding = 4; lastKnownFileType = sourcecode.c.objc; path = MDNurseViewController.m; sourceTree = "<group>"; };
		6A3EF80B1C05A62E00923D03 /* MDHomeViewController.m */ = {isa = PBXFileReference; fileEncoding = 4; lastKnownFileType = sourcecode.c.objc; path = MDHomeViewController.m; sourceTree = "<group>"; };
		6A3EF80D1C05A6DC00923D03 /* MDHomeViewController.h */ = {isa = PBXFileReference; fileEncoding = 4; lastKnownFileType = sourcecode.c.h; path = MDHomeViewController.h; sourceTree = "<group>"; };
		6A3EF8121C05B5B800923D03 /* MDOrderDetailsViewController.h */ = {isa = PBXFileReference; fileEncoding = 4; lastKnownFileType = sourcecode.c.h; path = MDOrderDetailsViewController.h; sourceTree = "<group>"; };
		6A3EF8131C05B5B800923D03 /* MDOrderDetailsViewController.m */ = {isa = PBXFileReference; fileEncoding = 4; lastKnownFileType = sourcecode.c.objc; path = MDOrderDetailsViewController.m; sourceTree = "<group>"; };
		6A3EF8371C05BAFE00923D03 /* MDAllServiceViewController.h */ = {isa = PBXFileReference; fileEncoding = 4; lastKnownFileType = sourcecode.c.h; path = MDAllServiceViewController.h; sourceTree = "<group>"; };
		6A3EF8381C05BAFE00923D03 /* MDAllServiceViewController.m */ = {isa = PBXFileReference; fileEncoding = 4; lastKnownFileType = sourcecode.c.objc; path = MDAllServiceViewController.m; sourceTree = "<group>"; };
		6A3EF8391C05BAFE00923D03 /* MDOngoingViewController.h */ = {isa = PBXFileReference; fileEncoding = 4; lastKnownFileType = sourcecode.c.h; path = MDOngoingViewController.h; sourceTree = "<group>"; };
		6A3EF83A1C05BAFE00923D03 /* MDOngoingViewController.m */ = {isa = PBXFileReference; fileEncoding = 4; lastKnownFileType = sourcecode.c.objc; path = MDOngoingViewController.m; sourceTree = "<group>"; };
		6A3EF83B1C05BAFE00923D03 /* MDPaymentViewController.h */ = {isa = PBXFileReference; fileEncoding = 4; lastKnownFileType = sourcecode.c.h; path = MDPaymentViewController.h; sourceTree = "<group>"; };
		6A3EF83C1C05BAFE00923D03 /* MDPaymentViewController.m */ = {isa = PBXFileReference; fileEncoding = 4; lastKnownFileType = sourcecode.c.objc; path = MDPaymentViewController.m; sourceTree = "<group>"; };
		6A3EF83D1C05BAFE00923D03 /* MDServiceTableViewCell.h */ = {isa = PBXFileReference; fileEncoding = 4; lastKnownFileType = sourcecode.c.h; path = MDServiceTableViewCell.h; sourceTree = "<group>"; };
		6A3EF83E1C05BAFE00923D03 /* MDServiceTableViewCell.m */ = {isa = PBXFileReference; fileEncoding = 4; lastKnownFileType = sourcecode.c.objc; path = MDServiceTableViewCell.m; sourceTree = "<group>"; };
		6A3EF83F1C05BAFE00923D03 /* MDServiceViewController.h */ = {isa = PBXFileReference; fileEncoding = 4; lastKnownFileType = sourcecode.c.h; path = MDServiceViewController.h; sourceTree = "<group>"; };
		6A3EF8401C05BAFE00923D03 /* MDServiceViewController.m */ = {isa = PBXFileReference; fileEncoding = 4; lastKnownFileType = sourcecode.c.objc; path = MDServiceViewController.m; sourceTree = "<group>"; };
		6A3EF8461C05BB1D00923D03 /* AppDelegate.h */ = {isa = PBXFileReference; fileEncoding = 4; lastKnownFileType = sourcecode.c.h; path = AppDelegate.h; sourceTree = "<group>"; };
		6A3EF8471C05BB1D00923D03 /* AppDelegate.m */ = {isa = PBXFileReference; fileEncoding = 4; lastKnownFileType = sourcecode.c.objc; path = AppDelegate.m; sourceTree = "<group>"; };
		6A3EF8491C05FDE000923D03 /* navigationbar_back@2x.png */ = {isa = PBXFileReference; lastKnownFileType = image.png; path = "navigationbar_back@2x.png"; sourceTree = "<group>"; };
		6A3EF84B1C06037100923D03 /* MDnoticeCenterController.h */ = {isa = PBXFileReference; fileEncoding = 4; lastKnownFileType = sourcecode.c.h; path = MDnoticeCenterController.h; sourceTree = "<group>"; };
		6A3EF84C1C06037100923D03 /* MDnoticeCenterController.m */ = {isa = PBXFileReference; fileEncoding = 4; lastKnownFileType = sourcecode.c.objc; path = MDnoticeCenterController.m; sourceTree = "<group>"; };
		6A3EF84E1C06038B00923D03 /* MDHospitalViewController.h */ = {isa = PBXFileReference; fileEncoding = 4; lastKnownFileType = sourcecode.c.h; path = MDHospitalViewController.h; sourceTree = "<group>"; };
		6A3EF84F1C06038B00923D03 /* MDHospitalViewController.m */ = {isa = PBXFileReference; fileEncoding = 4; lastKnownFileType = sourcecode.c.objc; path = MDHospitalViewController.m; sourceTree = "<group>"; };
		6A3EF8511C06039C00923D03 /* MDConsultDrupViewController.h */ = {isa = PBXFileReference; fileEncoding = 4; lastKnownFileType = sourcecode.c.h; path = MDConsultDrupViewController.h; sourceTree = "<group>"; };
		6A3EF8521C06039C00923D03 /* MDConsultDrupViewController.m */ = {isa = PBXFileReference; fileEncoding = 4; lastKnownFileType = sourcecode.c.objc; path = MDConsultDrupViewController.m; sourceTree = "<group>"; };
		6A3EF8541C0603DE00923D03 /* MDActivityViewController.h */ = {isa = PBXFileReference; fileEncoding = 4; lastKnownFileType = sourcecode.c.h; path = MDActivityViewController.h; sourceTree = "<group>"; };
		6A3EF8551C0603DE00923D03 /* MDActivityViewController.m */ = {isa = PBXFileReference; fileEncoding = 4; lastKnownFileType = sourcecode.c.objc; path = MDActivityViewController.m; sourceTree = "<group>"; };
/* End PBXFileReference section */

/* Begin PBXFrameworksBuildPhase section */
		15AE53661C02F0680013FF1B /* Frameworks */ = {
			isa = PBXFrameworksBuildPhase;
			buildActionMask = 2147483647;
			files = (
			);
			runOnlyForDeploymentPostprocessing = 0;
		};
		15AE537F1C02F0680013FF1B /* Frameworks */ = {
			isa = PBXFrameworksBuildPhase;
			buildActionMask = 2147483647;
			files = (
			);
			runOnlyForDeploymentPostprocessing = 0;
		};
/* End PBXFrameworksBuildPhase section */

/* Begin PBXGroup section */
		153C1E5F1C03F4ED00F87014 /* image */ = {
			isa = PBXGroup;
			children = (
				159049981C0702E600EE51FB /* homeback@2x.png */,
				159049991C0702E600EE51FB /* myback@2x.png */,
				1590499A1C0702E600EE51FB /* serviceback@2x.png */,
				159049921C06CFD900EE51FB /* 红色提醒@2x.png */,
				159049931C06CFD900EE51FB /* 灰色单选@2x.png */,
				159049941C06CFD900EE51FB /* 绿色单选@2x.png */,
				1590497E1C06CD6100EE51FB /* 按钮@2x.png */,
				1590497F1C06CD6100EE51FB /* 按钮页@2x.png */,
				159049801C06CD6100EE51FB /* 登录-框-图标1@2x.png */,
				159049811C06CD6100EE51FB /* 登录-框-图标2@2x.png */,
				159049821C06CD6100EE51FB /* 登录-注册底@2x.png */,
				159049831C06CD6100EE51FB /* 返回@2x.png */,
				159049841C06CD6100EE51FB /* 注册-添加照片@2x.png */,
				159049851C06CD6100EE51FB /* 注册按钮@2x.png */,
				159049861C06CD6100EE51FB /* mx_defaultSelect_phone@2x.png */,
				159049871C06CD6100EE51FB /* mx_selected_phone@2x.png */,
				6A3EF8491C05FDE000923D03 /* navigationbar_back@2x.png */,
				153C1EAA1C05571300F87014 /* servicekuang@2x.png */,
				6A3EF7BB1C054E4000923D03 /* mydoctor@2x.png */,
				6A3EF7C11C05561500923D03 /* topImg@2x.png */,
				6A3EF7BF1C054E9D00923D03 /* background@2x.png */,
				6A3EF7B91C054E3D00923D03 /* navigationbar_rightbtn@2x.png */,
				6A3EF7B71C054E3400923D03 /* notes@2x.png */,
				6A3EF7B31C054E2C00923D03 /* feedback@2x.png */,
				6A3EF7B41C054E2C00923D03 /* greenlogo@2x.png */,
				6A3EF7AF1C054E1E00923D03 /* arrow@2x.png */,
				6A3EF7B01C054E1E00923D03 /* bluelogo@2x.png */,
				6A3EF7AD1C054DA700923D03 /* purplelogo@2x.png */,
				153C1E601C03F4ED00F87014 /* home@2x.png */,
				153C1E611C03F4ED00F87014 /* my@2x.png */,
				153C1E621C03F4ED00F87014 /* service@2x.png */,
			);
			path = image;
			sourceTree = "<group>";
		};
		153C1E661C03FB8C00F87014 /* fundation */ = {
			isa = PBXGroup;
			children = (
				153C1E881C0405FE00F87014 /* ToolBar */,
				153C1E671C03FB8C00F87014 /* Masonry */,
			);
			path = fundation;
			sourceTree = "<group>";
		};
		153C1E671C03FB8C00F87014 /* Masonry */ = {
			isa = PBXGroup;
			children = (
				153C1E681C03FB8C00F87014 /* MASUtilities.h */,
				153C1E691C03FB8C00F87014 /* MX_MASCompositeConstraint.h */,
				153C1E6A1C03FB8C00F87014 /* MX_MASCompositeConstraint.m */,
				153C1E6B1C03FB8C00F87014 /* MX_MASConstraint+Private.h */,
				153C1E6C1C03FB8C00F87014 /* MX_MASConstraint.h */,
				153C1E6D1C03FB8C00F87014 /* MX_MASConstraint.m */,
				153C1E6E1C03FB8C00F87014 /* MX_MASConstraintMaker.h */,
				153C1E6F1C03FB8C00F87014 /* MX_MASConstraintMaker.m */,
				153C1E701C03FB8C00F87014 /* MX_MASLayoutConstraint.h */,
				153C1E711C03FB8C00F87014 /* MX_MASLayoutConstraint.m */,
				153C1E721C03FB8C00F87014 /* MX_Masonry.h */,
				153C1E731C03FB8C00F87014 /* MX_MASViewAttribute.h */,
				153C1E741C03FB8C00F87014 /* MX_MASViewAttribute.m */,
				153C1E751C03FB8C00F87014 /* MX_MASViewConstraint.h */,
				153C1E761C03FB8C00F87014 /* MX_MASViewConstraint.m */,
				153C1E771C03FB8C00F87014 /* NSArray+MASAdditions.h */,
				153C1E781C03FB8C00F87014 /* NSArray+MASAdditions.m */,
				153C1E791C03FB8C00F87014 /* NSArray+MASShorthandAdditions.h */,
				153C1E7A1C03FB8C00F87014 /* NSLayoutConstraint+MASDebugAdditions.h */,
				153C1E7B1C03FB8C00F87014 /* NSLayoutConstraint+MASDebugAdditions.m */,
				153C1E7C1C03FB8C00F87014 /* View+MASAdditions.h */,
				153C1E7D1C03FB8C00F87014 /* View+MASAdditions.m */,
				153C1E7E1C03FB8C00F87014 /* View+MASShorthandAdditions.h */,
			);
			path = Masonry;
			sourceTree = "<group>";
		};
		153C1E881C0405FE00F87014 /* ToolBar */ = {
			isa = PBXGroup;
			children = (
				153C1E891C0405FE00F87014 /* WBToolBar.h */,
				153C1E8A1C0405FE00F87014 /* WBToolBar.m */,
			);
			path = ToolBar;
			sourceTree = "<group>";
		};
		153C1EA31C054CDF00F87014 /* MDServiceModel */ = {
			isa = PBXGroup;
			children = (
				153C1EA41C054D5100F87014 /* MDServiceFolerVO.h */,
				153C1EA51C054D5100F87014 /* MDServiceFolerVO.m */,
			);
			name = MDServiceModel;
			sourceTree = "<group>";
		};
		153C1EAC1C05722600F87014 /* The Order Details */ = {
			isa = PBXGroup;
			children = (
				6A3EF8121C05B5B800923D03 /* MDOrderDetailsViewController.h */,
				6A3EF8131C05B5B800923D03 /* MDOrderDetailsViewController.m */,
			);
			name = "The Order Details";
			sourceTree = "<group>";
		};
		159049651C069FA600EE51FB /* logIn */ = {
			isa = PBXGroup;
			children = (
				159049661C069FA600EE51FB /* BRSlogInViewController.h */,
				159049671C069FA600EE51FB /* BRSlogInViewController.m */,
				159049681C069FA600EE51FB /* BRSNewPageViewController.h */,
				159049691C069FA600EE51FB /* BRSNewPageViewController.m */,
				1590496A1C069FA600EE51FB /* BRSNewPasswordViewController.h */,
				1590496B1C069FA600EE51FB /* BRSNewPasswordViewController.m */,
				1590496E1C069FA600EE51FB /* BRSSignInViewController.h */,
				1590496F1C069FA600EE51FB /* BRSSignInViewController.m */,
				1590496C1C069FA600EE51FB /* BRSSignIn2ViewController.h */,
				1590496D1C069FA600EE51FB /* BRSSignIn2ViewController.m */,
				1590497B1C06A71000EE51FB /* BRSEndSignlnViewController.h */,
				1590497C1C06A71000EE51FB /* BRSEndSignlnViewController.m */,
				159049701C069FA600EE51FB /* BRSTextField.h */,
				159049711C069FA600EE51FB /* BRSTextField.m */,
			);
			name = logIn;
			path = "登录/logIn";
			sourceTree = "<group>";
		};
		15AE53601C02F0680013FF1B = {
			isa = PBXGroup;
			children = (
				15AE536B1C02F0680013FF1B /* MyDoctor */,
				15AE53851C02F0680013FF1B /* MyDoctorTests */,
				15AE536A1C02F0680013FF1B /* Products */,
			);
			sourceTree = "<group>";
		};
		15AE536A1C02F0680013FF1B /* Products */ = {
			isa = PBXGroup;
			children = (
				15AE53691C02F0680013FF1B /* MyDoctor.app */,
				15AE53821C02F0680013FF1B /* MyDoctorTests.xctest */,
			);
			name = Products;
			sourceTree = "<group>";
		};
		15AE536B1C02F0680013FF1B /* MyDoctor */ = {
			isa = PBXGroup;
			children = (
				159049651C069FA600EE51FB /* logIn */,
				6A3EF7D31C058E6A00923D03 /* MyView */,
				6A8F12B01C040825001ABE2F /* Other */,
				15AE53961C03EEE20013FF1B /* Service */,
				15AE53951C03EEDD0013FF1B /* Home */,
				15AE53731C02F0680013FF1B /* MDBaseViewController.h */,
				15AE53741C02F0680013FF1B /* MDBaseViewController.m */,
				6A3EF8461C05BB1D00923D03 /* AppDelegate.h */,
				6A3EF8471C05BB1D00923D03 /* AppDelegate.m */,
				153C1E661C03FB8C00F87014 /* fundation */,
				153C1E5F1C03F4ED00F87014 /* image */,
				15AE53761C02F0680013FF1B /* Main.storyboard */,
				15AE53791C02F0680013FF1B /* Images.xcassets */,
				15AE537B1C02F0680013FF1B /* LaunchScreen.xib */,
				15AE536C1C02F0680013FF1B /* Supporting Files */,
			);
			path = MyDoctor;
			sourceTree = "<group>";
		};
		15AE536C1C02F0680013FF1B /* Supporting Files */ = {
			isa = PBXGroup;
			children = (
				15AE536D1C02F0680013FF1B /* Info.plist */,
				15AE536E1C02F0680013FF1B /* main.m */,
			);
			name = "Supporting Files";
			sourceTree = "<group>";
		};
		15AE53851C02F0680013FF1B /* MyDoctorTests */ = {
			isa = PBXGroup;
			children = (
				15AE53881C02F0680013FF1B /* MyDoctorTests.m */,
				15AE53861C02F0680013FF1B /* Supporting Files */,
			);
			path = MyDoctorTests;
			sourceTree = "<group>";
		};
		15AE53861C02F0680013FF1B /* Supporting Files */ = {
			isa = PBXGroup;
			children = (
				15AE53871C02F0680013FF1B /* Info.plist */,
			);
			name = "Supporting Files";
			sourceTree = "<group>";
		};
		15AE53951C03EEDD0013FF1B /* Home */ = {
			isa = PBXGroup;
			children = (
				6A3EF7F01C059C9800923D03 /* Controller */,
				6A3EF7C61C058B5200923D03 /* View */,
				6A3EF7C41C058B4D00923D03 /* Model */,
				153C1E8C1C0406C200F87014 /* MDConst.h */,
			);
			name = Home;
			sourceTree = "<group>";
		};
		15AE53961C03EEE20013FF1B /* Service */ = {
			isa = PBXGroup;
			children = (
				153C1EA31C054CDF00F87014 /* MDServiceModel */,
				153C1EAC1C05722600F87014 /* The Order Details */,
				6A3EF83F1C05BAFE00923D03 /* MDServiceViewController.h */,
				6A3EF8401C05BAFE00923D03 /* MDServiceViewController.m */,
				6A3EF8371C05BAFE00923D03 /* MDAllServiceViewController.h */,
				6A3EF8381C05BAFE00923D03 /* MDAllServiceViewController.m */,
				6A3EF83D1C05BAFE00923D03 /* MDServiceTableViewCell.h */,
				6A3EF83E1C05BAFE00923D03 /* MDServiceTableViewCell.m */,
				6A3EF83B1C05BAFE00923D03 /* MDPaymentViewController.h */,
				6A3EF83C1C05BAFE00923D03 /* MDPaymentViewController.m */,
				6A3EF8391C05BAFE00923D03 /* MDOngoingViewController.h */,
				6A3EF83A1C05BAFE00923D03 /* MDOngoingViewController.m */,
			);
			name = Service;
			sourceTree = "<group>";
		};
		6A3EF7C41C058B4D00923D03 /* Model */ = {
			isa = PBXGroup;
			children = (
			);
			name = Model;
			sourceTree = "<group>";
		};
		6A3EF7C61C058B5200923D03 /* View */ = {
			isa = PBXGroup;
			children = (
			);
			name = View;
			sourceTree = "<group>";
		};
		6A3EF7D31C058E6A00923D03 /* MyView */ = {
			isa = PBXGroup;
			children = (
				6A3EF7D41C058E6A00923D03 /* Controller */,
				6A3EF7D71C058E6A00923D03 /* Model */,
				6A3EF7D91C058E6A00923D03 /* View */,
			);
			path = MyView;
			sourceTree = "<group>";
		};
		6A3EF7D41C058E6A00923D03 /* Controller */ = {
			isa = PBXGroup;
			children = (
				6A3EF7DB1C058F1200923D03 /* MDMyViewController.h */,
				6A3EF7DC1C058F1200923D03 /* MDMyViewController.m */,
			);
			path = Controller;
			sourceTree = "<group>";
		};
		6A3EF7D71C058E6A00923D03 /* Model */ = {
			isa = PBXGroup;
			children = (
				6A3EF7DE1C058F8600923D03 /* MDMyViewItem.h */,
				6A3EF7DF1C058F8600923D03 /* MDMyViewItem.m */,
			);
			path = Model;
			sourceTree = "<group>";
		};
		6A3EF7D91C058E6A00923D03 /* View */ = {
			isa = PBXGroup;
			children = (
			);
			path = View;
			sourceTree = "<group>";
		};
		6A3EF7F01C059C9800923D03 /* Controller */ = {
			isa = PBXGroup;
			children = (
				6A3EF80D1C05A6DC00923D03 /* MDHomeViewController.h */,
				6A3EF80B1C05A62E00923D03 /* MDHomeViewController.m */,
				6A3EF84B1C06037100923D03 /* MDnoticeCenterController.h */,
				6A3EF84C1C06037100923D03 /* MDnoticeCenterController.m */,
				6A3EF84E1C06038B00923D03 /* MDHospitalViewController.h */,
				6A3EF84F1C06038B00923D03 /* MDHospitalViewController.m */,
				6A3EF8511C06039C00923D03 /* MDConsultDrupViewController.h */,
				6A3EF8521C06039C00923D03 /* MDConsultDrupViewController.m */,
				6A3EF8061C05A20400923D03 /* MDNurseViewController.h */,
				6A3EF8071C05A20400923D03 /* MDNurseViewController.m */,
				6A3EF8541C0603DE00923D03 /* MDActivityViewController.h */,
				6A3EF8551C0603DE00923D03 /* MDActivityViewController.m */,
			);
			name = Controller;
			path = Home/Controller;
			sourceTree = "<group>";
		};
		6A8F12B01C040825001ABE2F /* Other */ = {
			isa = PBXGroup;
			children = (
				6A8F12B41C04087A001ABE2F /* Model */,
				6A8F12B31C040868001ABE2F /* View */,
				6A8F12B21C040853001ABE2F /* Controller */,
				6A8F12B11C040845001ABE2F /* Category */,
			);
			name = Other;
			sourceTree = "<group>";
		};
		6A8F12B11C040845001ABE2F /* Category */ = {
			isa = PBXGroup;
			children = (
			);
			name = Category;
			sourceTree = "<group>";
		};
		6A8F12B21C040853001ABE2F /* Controller */ = {
			isa = PBXGroup;
			children = (
			);
			name = Controller;
			sourceTree = "<group>";
		};
		6A8F12B31C040868001ABE2F /* View */ = {
			isa = PBXGroup;
			children = (
			);
			name = View;
			sourceTree = "<group>";
		};
		6A8F12B41C04087A001ABE2F /* Model */ = {
			isa = PBXGroup;
			children = (
			);
			name = Model;
			sourceTree = "<group>";
		};
/* End PBXGroup section */

/* Begin PBXNativeTarget section */
		15AE53681C02F0680013FF1B /* MyDoctor */ = {
			isa = PBXNativeTarget;
			buildConfigurationList = 15AE538C1C02F0690013FF1B /* Build configuration list for PBXNativeTarget "MyDoctor" */;
			buildPhases = (
				15AE53651C02F0680013FF1B /* Sources */,
				15AE53661C02F0680013FF1B /* Frameworks */,
				15AE53671C02F0680013FF1B /* Resources */,
			);
			buildRules = (
			);
			dependencies = (
			);
			name = MyDoctor;
			productName = MyDoctor;
			productReference = 15AE53691C02F0680013FF1B /* MyDoctor.app */;
			productType = "com.apple.product-type.application";
		};
		15AE53811C02F0680013FF1B /* MyDoctorTests */ = {
			isa = PBXNativeTarget;
			buildConfigurationList = 15AE538F1C02F0690013FF1B /* Build configuration list for PBXNativeTarget "MyDoctorTests" */;
			buildPhases = (
				15AE537E1C02F0680013FF1B /* Sources */,
				15AE537F1C02F0680013FF1B /* Frameworks */,
				15AE53801C02F0680013FF1B /* Resources */,
			);
			buildRules = (
			);
			dependencies = (
				15AE53841C02F0680013FF1B /* PBXTargetDependency */,
			);
			name = MyDoctorTests;
			productName = MyDoctorTests;
			productReference = 15AE53821C02F0680013FF1B /* MyDoctorTests.xctest */;
			productType = "com.apple.product-type.bundle.unit-test";
		};
/* End PBXNativeTarget section */

/* Begin PBXProject section */
		15AE53611C02F0680013FF1B /* Project object */ = {
			isa = PBXProject;
			attributes = {
				LastUpgradeCheck = 0630;
				ORGANIZATIONNAME = com.mingxing;
				TargetAttributes = {
					15AE53681C02F0680013FF1B = {
						CreatedOnToolsVersion = 6.3;
					};
					15AE53811C02F0680013FF1B = {
						CreatedOnToolsVersion = 6.3;
						TestTargetID = 15AE53681C02F0680013FF1B;
					};
				};
			};
			buildConfigurationList = 15AE53641C02F0680013FF1B /* Build configuration list for PBXProject "MyDoctor" */;
			compatibilityVersion = "Xcode 3.2";
			developmentRegion = English;
			hasScannedForEncodings = 0;
			knownRegions = (
				en,
				Base,
			);
			mainGroup = 15AE53601C02F0680013FF1B;
			productRefGroup = 15AE536A1C02F0680013FF1B /* Products */;
			projectDirPath = "";
			projectRoot = "";
			targets = (
				15AE53681C02F0680013FF1B /* MyDoctor */,
				15AE53811C02F0680013FF1B /* MyDoctorTests */,
			);
		};
/* End PBXProject section */

/* Begin PBXResourcesBuildPhase section */
		15AE53671C02F0680013FF1B /* Resources */ = {
			isa = PBXResourcesBuildPhase;
			buildActionMask = 2147483647;
			files = (
				1590498D1C06CD6100EE51FB /* 返回@2x.png in Resources */,
				153C1E651C03F4ED00F87014 /* service@2x.png in Resources */,
				159049951C06CFD900EE51FB /* 红色提醒@2x.png in Resources */,
				15AE53781C02F0680013FF1B /* Main.storyboard in Resources */,
				159049911C06CD6100EE51FB /* mx_selected_phone@2x.png in Resources */,
				159049881C06CD6100EE51FB /* 按钮@2x.png in Resources */,
				1590499B1C0702E600EE51FB /* homeback@2x.png in Resources */,
				159049961C06CFD900EE51FB /* 灰色单选@2x.png in Resources */,
				1590498C1C06CD6100EE51FB /* 登录-注册底@2x.png in Resources */,
				1590499D1C0702E600EE51FB /* serviceback@2x.png in Resources */,
				1590499C1C0702E600EE51FB /* myback@2x.png in Resources */,
				153C1E631C03F4ED00F87014 /* home@2x.png in Resources */,
				153C1EAB1C05571300F87014 /* servicekuang@2x.png in Resources */,
				15AE537D1C02F0680013FF1B /* LaunchScreen.xib in Resources */,
				6A3EF7B61C054E2C00923D03 /* greenlogo@2x.png in Resources */,
				1590498F1C06CD6100EE51FB /* 注册按钮@2x.png in Resources */,
				159049891C06CD6100EE51FB /* 按钮页@2x.png in Resources */,
				6A3EF7B21C054E1E00923D03 /* bluelogo@2x.png in Resources */,
				1590498E1C06CD6100EE51FB /* 注册-添加照片@2x.png in Resources */,
				1590498B1C06CD6100EE51FB /* 登录-框-图标2@2x.png in Resources */,
				1590498A1C06CD6100EE51FB /* 登录-框-图标1@2x.png in Resources */,
				159049901C06CD6100EE51FB /* mx_defaultSelect_phone@2x.png in Resources */,
				6A3EF84A1C05FDE000923D03 /* navigationbar_back@2x.png in Resources */,
				6A3EF7B11C054E1E00923D03 /* arrow@2x.png in Resources */,
				153C1E641C03F4ED00F87014 /* my@2x.png in Resources */,
				6A3EF7B51C054E2C00923D03 /* feedback@2x.png in Resources */,
				15AE537A1C02F0680013FF1B /* Images.xcassets in Resources */,
				6A3EF7C21C05561500923D03 /* topImg@2x.png in Resources */,
				6A3EF7B81C054E3400923D03 /* notes@2x.png in Resources */,
				6A3EF7BC1C054E4000923D03 /* mydoctor@2x.png in Resources */,
				6A3EF7BA1C054E3D00923D03 /* navigationbar_rightbtn@2x.png in Resources */,
				6A3EF7C01C054E9D00923D03 /* background@2x.png in Resources */,
				6A3EF7AE1C054DA700923D03 /* purplelogo@2x.png in Resources */,
				159049971C06CFD900EE51FB /* 绿色单选@2x.png in Resources */,
			);
			runOnlyForDeploymentPostprocessing = 0;
		};
		15AE53801C02F0680013FF1B /* Resources */ = {
			isa = PBXResourcesBuildPhase;
			buildActionMask = 2147483647;
			files = (
			);
			runOnlyForDeploymentPostprocessing = 0;
		};
/* End PBXResourcesBuildPhase section */

/* Begin PBXSourcesBuildPhase section */
		15AE53651C02F0680013FF1B /* Sources */ = {
			isa = PBXSourcesBuildPhase;
			buildActionMask = 2147483647;
			files = (
				1590497D1C06A71000EE51FB /* BRSEndSignlnViewController.m in Sources */,
				6A3EF8441C05BAFE00923D03 /* MDServiceTableViewCell.m in Sources */,
				153C1E7F1C03FB8C00F87014 /* MX_MASCompositeConstraint.m in Sources */,
				6A3EF8411C05BAFE00923D03 /* MDAllServiceViewController.m in Sources */,
				6A3EF8451C05BAFE00923D03 /* MDServiceViewController.m in Sources */,
				15AE53751C02F0680013FF1B /* MDBaseViewController.m in Sources */,
				159049771C069FA600EE51FB /* BRSTextField.m in Sources */,
				153C1E8B1C0405FE00F87014 /* WBToolBar.m in Sources */,
				6A3EF8141C05B5B800923D03 /* MDOrderDetailsViewController.m in Sources */,
				159049721C069FA600EE51FB /* BRSlogInViewController.m in Sources */,
				153C1E851C03FB8C00F87014 /* NSArray+MASAdditions.m in Sources */,
				6A3EF7E01C058F8600923D03 /* MDMyViewItem.m in Sources */,
				6A3EF8421C05BAFE00923D03 /* MDOngoingViewController.m in Sources */,
				153C1EA61C054D5100F87014 /* MDServiceFolerVO.m in Sources */,
				153C1E821C03FB8C00F87014 /* MX_MASLayoutConstraint.m in Sources */,
				153C1E871C03FB8C00F87014 /* View+MASAdditions.m in Sources */,
				6A3EF8081C05A20400923D03 /* MDNurseViewController.m in Sources */,
				153C1E831C03FB8C00F87014 /* MX_MASViewAttribute.m in Sources */,
				153C1E861C03FB8C00F87014 /* NSLayoutConstraint+MASDebugAdditions.m in Sources */,
				159049761C069FA600EE51FB /* BRSSignInViewController.m in Sources */,
				6A3EF8531C06039C00923D03 /* MDConsultDrupViewController.m in Sources */,
				15AE536F1C02F0680013FF1B /* main.m in Sources */,
				6A3EF8561C0603DE00923D03 /* MDActivityViewController.m in Sources */,
				153C1E801C03FB8C00F87014 /* MX_MASConstraint.m in Sources */,
				159049751C069FA600EE51FB /* BRSSignIn2ViewController.m in Sources */,
				6A3EF8431C05BAFE00923D03 /* MDPaymentViewController.m in Sources */,
				6A3EF84D1C06037100923D03 /* MDnoticeCenterController.m in Sources */,
				6A3EF7DD1C058F1200923D03 /* MDMyViewController.m in Sources */,
				6A3EF8481C05BB1D00923D03 /* AppDelegate.m in Sources */,
				6A3EF80E1C05ADF100923D03 /* MDHomeViewController.m in Sources */,
				159049731C069FA600EE51FB /* BRSNewPageViewController.m in Sources */,
				153C1E841C03FB8C00F87014 /* MX_MASViewConstraint.m in Sources */,
				153C1E811C03FB8C00F87014 /* MX_MASConstraintMaker.m in Sources */,
				6A3EF8501C06038B00923D03 /* MDHospitalViewController.m in Sources */,
				159049741C069FA600EE51FB /* BRSNewPasswordViewController.m in Sources */,
			);
			runOnlyForDeploymentPostprocessing = 0;
		};
		15AE537E1C02F0680013FF1B /* Sources */ = {
			isa = PBXSourcesBuildPhase;
			buildActionMask = 2147483647;
			files = (
				15AE53891C02F0680013FF1B /* MyDoctorTests.m in Sources */,
			);
			runOnlyForDeploymentPostprocessing = 0;
		};
/* End PBXSourcesBuildPhase section */

/* Begin PBXTargetDependency section */
		15AE53841C02F0680013FF1B /* PBXTargetDependency */ = {
			isa = PBXTargetDependency;
			target = 15AE53681C02F0680013FF1B /* MyDoctor */;
			targetProxy = 15AE53831C02F0680013FF1B /* PBXContainerItemProxy */;
		};
/* End PBXTargetDependency section */

/* Begin PBXVariantGroup section */
		15AE53761C02F0680013FF1B /* Main.storyboard */ = {
			isa = PBXVariantGroup;
			children = (
				15AE53771C02F0680013FF1B /* Base */,
			);
			name = Main.storyboard;
			sourceTree = "<group>";
		};
		15AE537B1C02F0680013FF1B /* LaunchScreen.xib */ = {
			isa = PBXVariantGroup;
			children = (
				15AE537C1C02F0680013FF1B /* Base */,
			);
			name = LaunchScreen.xib;
			sourceTree = "<group>";
		};
/* End PBXVariantGroup section */

/* Begin XCBuildConfiguration section */
		15AE538A1C02F0680013FF1B /* Debug */ = {
			isa = XCBuildConfiguration;
			buildSettings = {
				ALWAYS_SEARCH_USER_PATHS = NO;
				CLANG_CXX_LANGUAGE_STANDARD = "gnu++0x";
				CLANG_CXX_LIBRARY = "libc++";
				CLANG_ENABLE_MODULES = YES;
				CLANG_ENABLE_OBJC_ARC = YES;
				CLANG_WARN_BOOL_CONVERSION = YES;
				CLANG_WARN_CONSTANT_CONVERSION = YES;
				CLANG_WARN_DIRECT_OBJC_ISA_USAGE = YES_ERROR;
				CLANG_WARN_EMPTY_BODY = YES;
				CLANG_WARN_ENUM_CONVERSION = YES;
				CLANG_WARN_INT_CONVERSION = YES;
				CLANG_WARN_OBJC_ROOT_CLASS = YES_ERROR;
				CLANG_WARN_UNREACHABLE_CODE = YES;
				CLANG_WARN__DUPLICATE_METHOD_MATCH = YES;
				"CODE_SIGN_IDENTITY[sdk=iphoneos*]" = "iPhone Developer";
				COPY_PHASE_STRIP = NO;
				DEBUG_INFORMATION_FORMAT = "dwarf-with-dsym";
				ENABLE_BITCODE = YES;
				ENABLE_STRICT_OBJC_MSGSEND = YES;
				GCC_C_LANGUAGE_STANDARD = gnu99;
				GCC_DYNAMIC_NO_PIC = NO;
				GCC_NO_COMMON_BLOCKS = YES;
				GCC_OPTIMIZATION_LEVEL = 0;
				GCC_PREFIX_HEADER = "";
				GCC_PREPROCESSOR_DEFINITIONS = (
					"DEBUG=1",
					"$(inherited)",
				);
				GCC_SYMBOLS_PRIVATE_EXTERN = NO;
				GCC_WARN_64_TO_32_BIT_CONVERSION = YES;
				GCC_WARN_ABOUT_RETURN_TYPE = YES_ERROR;
				GCC_WARN_UNDECLARED_SELECTOR = YES;
				GCC_WARN_UNINITIALIZED_AUTOS = YES_AGGRESSIVE;
				GCC_WARN_UNUSED_FUNCTION = YES;
				GCC_WARN_UNUSED_VARIABLE = YES;
				IPHONEOS_DEPLOYMENT_TARGET = 7.1;
				MTL_ENABLE_DEBUG_INFO = YES;
				ONLY_ACTIVE_ARCH = YES;
				OTHER_LDFLAGS = "";
				SDKROOT = iphoneos;
				TARGETED_DEVICE_FAMILY = "1,2";
			};
			name = Debug;
		};
		15AE538B1C02F0680013FF1B /* Release */ = {
			isa = XCBuildConfiguration;
			buildSettings = {
				ALWAYS_SEARCH_USER_PATHS = NO;
				CLANG_CXX_LANGUAGE_STANDARD = "gnu++0x";
				CLANG_CXX_LIBRARY = "libc++";
				CLANG_ENABLE_MODULES = YES;
				CLANG_ENABLE_OBJC_ARC = YES;
				CLANG_WARN_BOOL_CONVERSION = YES;
				CLANG_WARN_CONSTANT_CONVERSION = YES;
				CLANG_WARN_DIRECT_OBJC_ISA_USAGE = YES_ERROR;
				CLANG_WARN_EMPTY_BODY = YES;
				CLANG_WARN_ENUM_CONVERSION = YES;
				CLANG_WARN_INT_CONVERSION = YES;
				CLANG_WARN_OBJC_ROOT_CLASS = YES_ERROR;
				CLANG_WARN_UNREACHABLE_CODE = YES;
				CLANG_WARN__DUPLICATE_METHOD_MATCH = YES;
				"CODE_SIGN_IDENTITY[sdk=iphoneos*]" = "iPhone Developer";
				COPY_PHASE_STRIP = NO;
				DEBUG_INFORMATION_FORMAT = "dwarf-with-dsym";
				ENABLE_BITCODE = YES;
				ENABLE_NS_ASSERTIONS = NO;
				ENABLE_STRICT_OBJC_MSGSEND = YES;
				GCC_C_LANGUAGE_STANDARD = gnu99;
				GCC_NO_COMMON_BLOCKS = YES;
				GCC_PREFIX_HEADER = "";
				GCC_WARN_64_TO_32_BIT_CONVERSION = YES;
				GCC_WARN_ABOUT_RETURN_TYPE = YES_ERROR;
				GCC_WARN_UNDECLARED_SELECTOR = YES;
				GCC_WARN_UNINITIALIZED_AUTOS = YES_AGGRESSIVE;
				GCC_WARN_UNUSED_FUNCTION = YES;
				GCC_WARN_UNUSED_VARIABLE = YES;
				IPHONEOS_DEPLOYMENT_TARGET = 7.1;
				MTL_ENABLE_DEBUG_INFO = NO;
				OTHER_LDFLAGS = "";
				SDKROOT = iphoneos;
				TARGETED_DEVICE_FAMILY = "1,2";
				VALIDATE_PRODUCT = YES;
			};
			name = Release;
		};
		15AE538D1C02F0690013FF1B /* Debug */ = {
			isa = XCBuildConfiguration;
			buildSettings = {
				ASSETCATALOG_COMPILER_APPICON_NAME = AppIcon;
				GCC_PREFIX_HEADER = "";
				INFOPLIST_FILE = MyDoctor/Info.plist;
				IPHONEOS_DEPLOYMENT_TARGET = 7.0;
				LD_RUNPATH_SEARCH_PATHS = "$(inherited) @executable_path/Frameworks";
				PRODUCT_NAME = "$(TARGET_NAME)";
				TARGETED_DEVICE_FAMILY = 1;
			};
			name = Debug;
		};
		15AE538E1C02F0690013FF1B /* Release */ = {
			isa = XCBuildConfiguration;
			buildSettings = {
				ASSETCATALOG_COMPILER_APPICON_NAME = AppIcon;
				GCC_PREFIX_HEADER = "";
				INFOPLIST_FILE = MyDoctor/Info.plist;
				IPHONEOS_DEPLOYMENT_TARGET = 7.0;
				LD_RUNPATH_SEARCH_PATHS = "$(inherited) @executable_path/Frameworks";
				PRODUCT_NAME = "$(TARGET_NAME)";
				TARGETED_DEVICE_FAMILY = 1;
			};
			name = Release;
		};
		15AE53901C02F0690013FF1B /* Debug */ = {
			isa = XCBuildConfiguration;
			buildSettings = {
				BUNDLE_LOADER = "$(TEST_HOST)";
				FRAMEWORK_SEARCH_PATHS = (
					"$(SDKROOT)/Developer/Library/Frameworks",
					"$(inherited)",
				);
				GCC_PREFIX_HEADER = "";
				GCC_PREPROCESSOR_DEFINITIONS = (
					"DEBUG=1",
					"$(inherited)",
				);
				INFOPLIST_FILE = MyDoctorTests/Info.plist;
				LD_RUNPATH_SEARCH_PATHS = "$(inherited) @executable_path/Frameworks @loader_path/Frameworks";
				PRODUCT_NAME = "$(TARGET_NAME)";
				TEST_HOST = "$(BUILT_PRODUCTS_DIR)/MyDoctor.app/MyDoctor";
			};
			name = Debug;
		};
		15AE53911C02F0690013FF1B /* Release */ = {
			isa = XCBuildConfiguration;
			buildSettings = {
				BUNDLE_LOADER = "$(TEST_HOST)";
				FRAMEWORK_SEARCH_PATHS = (
					"$(SDKROOT)/Developer/Library/Frameworks",
					"$(inherited)",
				);
				GCC_PREFIX_HEADER = "";
				INFOPLIST_FILE = MyDoctorTests/Info.plist;
				LD_RUNPATH_SEARCH_PATHS = "$(inherited) @executable_path/Frameworks @loader_path/Frameworks";
				PRODUCT_NAME = "$(TARGET_NAME)";
				TEST_HOST = "$(BUILT_PRODUCTS_DIR)/MyDoctor.app/MyDoctor";
			};
			name = Release;
		};
/* End XCBuildConfiguration section */

/* Begin XCConfigurationList section */
		15AE53641C02F0680013FF1B /* Build configuration list for PBXProject "MyDoctor" */ = {
			isa = XCConfigurationList;
			buildConfigurations = (
				15AE538A1C02F0680013FF1B /* Debug */,
				15AE538B1C02F0680013FF1B /* Release */,
			);
			defaultConfigurationIsVisible = 0;
			defaultConfigurationName = Release;
		};
		15AE538C1C02F0690013FF1B /* Build configuration list for PBXNativeTarget "MyDoctor" */ = {
			isa = XCConfigurationList;
			buildConfigurations = (
				15AE538D1C02F0690013FF1B /* Debug */,
				15AE538E1C02F0690013FF1B /* Release */,
			);
			defaultConfigurationIsVisible = 0;
			defaultConfigurationName = Release;
		};
		15AE538F1C02F0690013FF1B /* Build configuration list for PBXNativeTarget "MyDoctorTests" */ = {
			isa = XCConfigurationList;
			buildConfigurations = (
				15AE53901C02F0690013FF1B /* Debug */,
				15AE53911C02F0690013FF1B /* Release */,
			);
			defaultConfigurationIsVisible = 0;
			defaultConfigurationName = Release;
		};
/* End XCConfigurationList section */
	};
	rootObject = 15AE53611C02F0680013FF1B /* Project object */;
}
